// !$*UTF8*$!
{
	archiveVersion = 1;
	classes = {
	};
	objectVersion = 46;
	objects = {

/* Begin PBXBuildFile section */
		1D60589B0D05DD56006BFB54 /* main.m in Sources */ = {isa = PBXBuildFile; fileRef = 29B97316FDCFA39411CA2CEA /* main.m */; };
		1D60589F0D05DD5A006BFB54 /* Foundation.framework in Frameworks */ = {isa = PBXBuildFile; fileRef = 1D30AB110D05D00D00671497 /* Foundation.framework */; };
		1DF5F4E00D08C38300B7A737 /* UIKit.framework in Frameworks */ = {isa = PBXBuildFile; fileRef = 1DF5F4DF0D08C38300B7A737 /* UIKit.framework */; };
		222D07F71949A93B006785FA /* UIViewExt.m in Sources */ = {isa = PBXBuildFile; fileRef = 222D07F61949A93B006785FA /* UIViewExt.m */; };
		222D07FC1949AEB8006785FA /* ic_support@2x.png in Resources */ = {isa = PBXBuildFile; fileRef = 222D07FA1949AEB8006785FA /* ic_support@2x.png */; };
		222D07FD1949AEB8006785FA /* ic_reply@2x.png in Resources */ = {isa = PBXBuildFile; fileRef = 222D07FB1949AEB8006785FA /* ic_reply@2x.png */; };
		2231F7A1194E8B89002F6DB8 /* SettingViewController.m in Sources */ = {isa = PBXBuildFile; fileRef = 2231F79F194E8B89002F6DB8 /* SettingViewController.m */; };
		2231F7A2194E8B89002F6DB8 /* SettingViewController.xib in Resources */ = {isa = PBXBuildFile; fileRef = 2231F7A0194E8B89002F6DB8 /* SettingViewController.xib */; };
		2231F7A6194E8BB6002F6DB8 /* SettingViewCell.m in Sources */ = {isa = PBXBuildFile; fileRef = 2231F7A4194E8BB6002F6DB8 /* SettingViewCell.m */; };
		2231F7A7194E8BB6002F6DB8 /* SettingViewCell.xib in Resources */ = {isa = PBXBuildFile; fileRef = 2231F7A5194E8BB6002F6DB8 /* SettingViewCell.xib */; };
		2231F7A9194E9822002F6DB8 /* user_detail_devil@2x.png in Resources */ = {isa = PBXBuildFile; fileRef = 2231F7A8194E9822002F6DB8 /* user_detail_devil@2x.png */; };
		2231F7AB194E999B002F6DB8 /* map_btn_add_post@2x.png in Resources */ = {isa = PBXBuildFile; fileRef = 2231F7AA194E999B002F6DB8 /* map_btn_add_post@2x.png */; };
		2231F7AF194EA2CD002F6DB8 /* WritePostViewController.m in Sources */ = {isa = PBXBuildFile; fileRef = 2231F7AD194EA2CD002F6DB8 /* WritePostViewController.m */; };
		2231F7B0194EA2CD002F6DB8 /* WritePostViewController.xib in Resources */ = {isa = PBXBuildFile; fileRef = 2231F7AE194EA2CD002F6DB8 /* WritePostViewController.xib */; };
		2231F7B2194EB98F002F6DB8 /* write_post_smile@2x.png in Resources */ = {isa = PBXBuildFile; fileRef = 2231F7B1194EB98F002F6DB8 /* write_post_smile@2x.png */; };
		2231F7B4194ECCB1002F6DB8 /* tab_write_post@2x.png in Resources */ = {isa = PBXBuildFile; fileRef = 2231F7B3194ECCB1002F6DB8 /* tab_write_post@2x.png */; };
		2231F7B8194ECF5C002F6DB8 /* TabMiddleViewController.m in Sources */ = {isa = PBXBuildFile; fileRef = 2231F7B6194ECF5C002F6DB8 /* TabMiddleViewController.m */; };
		2231F7B9194ECF5C002F6DB8 /* TabMiddleViewController.xib in Resources */ = {isa = PBXBuildFile; fileRef = 2231F7B7194ECF5C002F6DB8 /* TabMiddleViewController.xib */; };
		2231F7BD194ED978002F6DB8 /* TalkViewController.m in Sources */ = {isa = PBXBuildFile; fileRef = 2231F7BB194ED978002F6DB8 /* TalkViewController.m */; };
		2231F7BE194ED978002F6DB8 /* TalkViewController.xib in Resources */ = {isa = PBXBuildFile; fileRef = 2231F7BC194ED978002F6DB8 /* TalkViewController.xib */; };
		2231F7C2194ED99D002F6DB8 /* TalkViewCell.m in Sources */ = {isa = PBXBuildFile; fileRef = 2231F7C0194ED99D002F6DB8 /* TalkViewCell.m */; };
		2231F7C3194ED99D002F6DB8 /* TalkViewCell.xib in Resources */ = {isa = PBXBuildFile; fileRef = 2231F7C1194ED99D002F6DB8 /* TalkViewCell.xib */; };
		2231F7C5194EDA34002F6DB8 /* talk_user_head_bg@2x.png in Resources */ = {isa = PBXBuildFile; fileRef = 2231F7C4194EDA34002F6DB8 /* talk_user_head_bg@2x.png */; };
		2231F7C8194EDB4F002F6DB8 /* User7D.m in Sources */ = {isa = PBXBuildFile; fileRef = 2231F7C7194EDB4F002F6DB8 /* User7D.m */; };
		2231F7CB194EDECA002F6DB8 /* TalkMsg.m in Sources */ = {isa = PBXBuildFile; fileRef = 2231F7CA194EDECA002F6DB8 /* TalkMsg.m */; };
		2231F7CE194EE470002F6DB8 /* XYCBubbleLabel.m in Sources */ = {isa = PBXBuildFile; fileRef = 2231F7CD194EE470002F6DB8 /* XYCBubbleLabel.m */; };
		2231F7D1194EE576002F6DB8 /* talk_qipao_left@2x.png in Resources */ = {isa = PBXBuildFile; fileRef = 2231F7CF194EE576002F6DB8 /* talk_qipao_left@2x.png */; };
		2231F7D2194EE576002F6DB8 /* talk_qipao_right@2x.png in Resources */ = {isa = PBXBuildFile; fileRef = 2231F7D0194EE576002F6DB8 /* talk_qipao_right@2x.png */; };
		2236A244194A9E4A005701AC /* bg_tableview_content_card@2x.png in Resources */ = {isa = PBXBuildFile; fileRef = 2236A243194A9E4A005701AC /* bg_tableview_content_card@2x.png */; };
		2236A247194AC059005701AC /* bg_tableview_content_head@2x.png in Resources */ = {isa = PBXBuildFile; fileRef = 2236A245194AC059005701AC /* bg_tableview_content_head@2x.png */; };
		2236A248194AC059005701AC /* bg_tableview_content_img@2x.png in Resources */ = {isa = PBXBuildFile; fileRef = 2236A246194AC059005701AC /* bg_tableview_content_img@2x.png */; };
		2236A24B194AD7A0005701AC /* XYCUtils.m in Sources */ = {isa = PBXBuildFile; fileRef = 2236A24A194AD7A0005701AC /* XYCUtils.m */; };
		2236A24F194AF49F005701AC /* TAB4ViewController.m in Sources */ = {isa = PBXBuildFile; fileRef = 2236A24D194AF49F005701AC /* TAB4ViewController.m */; };
		2236A250194AF49F005701AC /* TAB4ViewController.xib in Resources */ = {isa = PBXBuildFile; fileRef = 2236A24E194AF49F005701AC /* TAB4ViewController.xib */; };
		2236A254194AF530005701AC /* Tab4Cell.m in Sources */ = {isa = PBXBuildFile; fileRef = 2236A252194AF530005701AC /* Tab4Cell.m */; };
		2236A255194AF530005701AC /* Tab4Cell.xib in Resources */ = {isa = PBXBuildFile; fileRef = 2236A253194AF530005701AC /* Tab4Cell.xib */; };
		2236A258194AF6A7005701AC /* user_center_tableview_head_bg@2x.png in Resources */ = {isa = PBXBuildFile; fileRef = 2236A256194AF6A7005701AC /* user_center_tableview_head_bg@2x.png */; };
		2236A259194AF6A7005701AC /* user_center_tableview_left_ic_like@2x.png in Resources */ = {isa = PBXBuildFile; fileRef = 2236A257194AF6A7005701AC /* user_center_tableview_left_ic_like@2x.png */; };
		2236F6DC194D827200CD61C8 /* user_detail_head_bg@2x.png in Resources */ = {isa = PBXBuildFile; fileRef = 2236F6DB194D827200CD61C8 /* user_detail_head_bg@2x.png */; };
		2236F6DE194D886F00CD61C8 /* gender_male@2x.png in Resources */ = {isa = PBXBuildFile; fileRef = 2236F6DD194D886F00CD61C8 /* gender_male@2x.png */; };
		2236F6E2194D901300CD61C8 /* UserDetailTableViewCell.m in Sources */ = {isa = PBXBuildFile; fileRef = 2236F6E0194D901300CD61C8 /* UserDetailTableViewCell.m */; };
		2241EF711957225900E217E0 /* msg_system@2x.png in Resources */ = {isa = PBXBuildFile; fileRef = 2241EF701957225900E217E0 /* msg_system@2x.png */; };
		2241EF73195722AA00E217E0 /* msg_at@2x.png in Resources */ = {isa = PBXBuildFile; fileRef = 2241EF72195722AA00E217E0 /* msg_at@2x.png */; };
		2241EF761957231200E217E0 /* Model7Days.xcdatamodeld in Sources */ = {isa = PBXBuildFile; fileRef = 2241EF741957231200E217E0 /* Model7Days.xcdatamodeld */; };
		2241EF7D1957279400E217E0 /* DBHelper.m in Sources */ = {isa = PBXBuildFile; fileRef = 2241EF7C1957279400E217E0 /* DBHelper.m */; };
		2241EF801957378300E217E0 /* Msg.m in Sources */ = {isa = PBXBuildFile; fileRef = 2241EF7F1957378300E217E0 /* Msg.m */; };
		226310A01942AE680056E133 /* IntroControll.m in Sources */ = {isa = PBXBuildFile; fileRef = 2263109B1942AE680056E133 /* IntroControll.m */; };
		226310A11942AE680056E133 /* IntroModel.m in Sources */ = {isa = PBXBuildFile; fileRef = 2263109D1942AE680056E133 /* IntroModel.m */; };
		226310A21942AE680056E133 /* IntroView.m in Sources */ = {isa = PBXBuildFile; fileRef = 2263109F1942AE680056E133 /* IntroView.m */; };
		226310C51942B4020056E133 /* Default-568h@2x.png in Resources */ = {isa = PBXBuildFile; fileRef = 226310AC1942B4020056E133 /* Default-568h@2x.png */; };
		226310C61942B4020056E133 /* Default-Landscape~ipad.png in Resources */ = {isa = PBXBuildFile; fileRef = 226310AD1942B4020056E133 /* Default-Landscape~ipad.png */; };
		226310C71942B4020056E133 /* Default-Portrait~ipad.png in Resources */ = {isa = PBXBuildFile; fileRef = 226310AE1942B4020056E133 /* Default-Portrait~ipad.png */; };
		226310C81942B4020056E133 /* Default.png in Resources */ = {isa = PBXBuildFile; fileRef = 226310AF1942B4020056E133 /* Default.png */; };
		226310C91942B4020056E133 /* Default@2x.png in Resources */ = {isa = PBXBuildFile; fileRef = 226310B01942B4020056E133 /* Default@2x.png */; };
		226310CA1942B4020056E133 /* icon-iPad.png in Resources */ = {isa = PBXBuildFile; fileRef = 226310B11942B4020056E133 /* icon-iPad.png */; };
		226310CB1942B4020056E133 /* icon.png in Resources */ = {isa = PBXBuildFile; fileRef = 226310B21942B4020056E133 /* icon.png */; };
		226310CC1942B4020056E133 /* icon@2x.png in Resources */ = {isa = PBXBuildFile; fileRef = 226310B31942B4020056E133 /* icon@2x.png */; };
		226310CD1942B4020056E133 /* intro1@2x.png in Resources */ = {isa = PBXBuildFile; fileRef = 226310B41942B4020056E133 /* intro1@2x.png */; };
		226310CE1942B4020056E133 /* intro2@2x.png in Resources */ = {isa = PBXBuildFile; fileRef = 226310B51942B4020056E133 /* intro2@2x.png */; };
		226310CF1942B4020056E133 /* intro3@2x.png in Resources */ = {isa = PBXBuildFile; fileRef = 226310B61942B4020056E133 /* intro3@2x.png */; };
		226310D01942B4020056E133 /* mymusic.png in Resources */ = {isa = PBXBuildFile; fileRef = 226310B71942B4020056E133 /* mymusic.png */; };
		226310D11942B4020056E133 /* mymusic@2x.png in Resources */ = {isa = PBXBuildFile; fileRef = 226310B81942B4020056E133 /* mymusic@2x.png */; };
		226310D21942B4020056E133 /* mymusicSelected.png in Resources */ = {isa = PBXBuildFile; fileRef = 226310B91942B4020056E133 /* mymusicSelected.png */; };
		226310D31942B4020056E133 /* mymusicSelected@2x.png in Resources */ = {isa = PBXBuildFile; fileRef = 226310BA1942B4020056E133 /* mymusicSelected@2x.png */; };
		226310D41942B4020056E133 /* tab_item_normal_bg.png in Resources */ = {isa = PBXBuildFile; fileRef = 226310BB1942B4020056E133 /* tab_item_normal_bg.png */; };
		226310D51942B4020056E133 /* tab_unread_bg@2x.png in Resources */ = {isa = PBXBuildFile; fileRef = 226310BC1942B4020056E133 /* tab_unread_bg@2x.png */; };
		226310D61942B4020056E133 /* tab0_selected@2x.png in Resources */ = {isa = PBXBuildFile; fileRef = 226310BD1942B4020056E133 /* tab0_selected@2x.png */; };
		226310D71942B4020056E133 /* tab0@2x.png in Resources */ = {isa = PBXBuildFile; fileRef = 226310BE1942B4020056E133 /* tab0@2x.png */; };
		226310D81942B4020056E133 /* tab1_selected@2x.png in Resources */ = {isa = PBXBuildFile; fileRef = 226310BF1942B4020056E133 /* tab1_selected@2x.png */; };
		226310D91942B4020056E133 /* tab1@2x.png in Resources */ = {isa = PBXBuildFile; fileRef = 226310C01942B4020056E133 /* tab1@2x.png */; };
		226310DA1942B4020056E133 /* tab2_selected@2x.png in Resources */ = {isa = PBXBuildFile; fileRef = 226310C11942B4020056E133 /* tab2_selected@2x.png */; };
		226310DB1942B4020056E133 /* tab2@2x.png in Resources */ = {isa = PBXBuildFile; fileRef = 226310C21942B4020056E133 /* tab2@2x.png */; };
		226310DC1942B4020056E133 /* tab3_selected@2x.png in Resources */ = {isa = PBXBuildFile; fileRef = 226310C31942B4020056E133 /* tab3_selected@2x.png */; };
		226310DD1942B4020056E133 /* tab3@2x.png in Resources */ = {isa = PBXBuildFile; fileRef = 226310C41942B4020056E133 /* tab3@2x.png */; };
		226310E51942E6380056E133 /* btn_enter_app@2x.png in Resources */ = {isa = PBXBuildFile; fileRef = 226310E41942E6380056E133 /* btn_enter_app@2x.png */; };
		226310E81942EA350056E133 /* XYCDelegate.m in Sources */ = {isa = PBXBuildFile; fileRef = 226310E71942EA350056E133 /* XYCDelegate.m */; };
		226310F31942F4120056E133 /* SettingHelper.m in Sources */ = {isa = PBXBuildFile; fileRef = 226310F21942F4120056E133 /* SettingHelper.m */; };
		226310FA1942F4530056E133 /* IntroViewController.m in Sources */ = {isa = PBXBuildFile; fileRef = 226310F61942F4530056E133 /* IntroViewController.m */; };
		2263110C1942F4710056E133 /* TAB1ViewController.m in Sources */ = {isa = PBXBuildFile; fileRef = 226310FF1942F4710056E133 /* TAB1ViewController.m */; };
		2263110D1942F4710056E133 /* TAB1ViewController.xib in Resources */ = {isa = PBXBuildFile; fileRef = 226311001942F4710056E133 /* TAB1ViewController.xib */; };
		2263110E1942F4710056E133 /* TAB2ViewController.m in Sources */ = {isa = PBXBuildFile; fileRef = 226311021942F4710056E133 /* TAB2ViewController.m */; };
		2263110F1942F4710056E133 /* TAB2ViewController.xib in Resources */ = {isa = PBXBuildFile; fileRef = 226311031942F4710056E133 /* TAB2ViewController.xib */; };
		226311101942F4710056E133 /* TAB3ViewController.m in Sources */ = {isa = PBXBuildFile; fileRef = 226311051942F4710056E133 /* TAB3ViewController.m */; };
		226311111942F4710056E133 /* TAB3ViewController.xib in Resources */ = {isa = PBXBuildFile; fileRef = 226311061942F4710056E133 /* TAB3ViewController.xib */; };
		226311141942F4710056E133 /* XYCTabController.m in Sources */ = {isa = PBXBuildFile; fileRef = 2263110B1942F4710056E133 /* XYCTabController.m */; };
		2263112419430FE80056E133 /* VPPMapCluster.m in Sources */ = {isa = PBXBuildFile; fileRef = 2263111919430FE80056E133 /* VPPMapCluster.m */; };
		2263112519430FE80056E133 /* VPPMapClusterHelper.m in Sources */ = {isa = PBXBuildFile; fileRef = 2263111B19430FE80056E133 /* VPPMapClusterHelper.m */; };
		2263112619430FE80056E133 /* VPPMapClusterView.m in Sources */ = {isa = PBXBuildFile; fileRef = 2263111D19430FE80056E133 /* VPPMapClusterView.m */; };
		2263112819430FE80056E133 /* VPPMapHelper.m in Sources */ = {isa = PBXBuildFile; fileRef = 2263112219430FE80056E133 /* VPPMapHelper.m */; };
		22631138194311260056E133 /* XYCMapAnnotation.m in Sources */ = {isa = PBXBuildFile; fileRef = 22631137194311260056E133 /* XYCMapAnnotation.m */; };
		2264CC6A194FEEEF00F032FF /* talk_bar_btn_more@2x.png in Resources */ = {isa = PBXBuildFile; fileRef = 2264CC67194FEEEF00F032FF /* talk_bar_btn_more@2x.png */; };
		2264CC6B194FEEEF00F032FF /* talk_bar_btn_record_audio@2x.png in Resources */ = {isa = PBXBuildFile; fileRef = 2264CC68194FEEEF00F032FF /* talk_bar_btn_record_audio@2x.png */; };
		2264CC6C194FEEEF00F032FF /* talk_bar_btn_smile@2x.png in Resources */ = {isa = PBXBuildFile; fileRef = 2264CC69194FEEEF00F032FF /* talk_bar_btn_smile@2x.png */; };
		2264CC7019502A0600F032FF /* Tab2Cell.m in Sources */ = {isa = PBXBuildFile; fileRef = 2264CC6E19502A0600F032FF /* Tab2Cell.m */; };
		2264CC7119502A0600F032FF /* Tab2Cell.xib in Resources */ = {isa = PBXBuildFile; fileRef = 2264CC6F19502A0600F032FF /* Tab2Cell.xib */; };
		2264CC7319502AB800F032FF /* msg_head_bg@2x.png in Resources */ = {isa = PBXBuildFile; fileRef = 2264CC7219502AB800F032FF /* msg_head_bg@2x.png */; };
		2264CC771950390400F032FF /* Tab3Cell.m in Sources */ = {isa = PBXBuildFile; fileRef = 2264CC751950390400F032FF /* Tab3Cell.m */; };
		2264CC781950390400F032FF /* Tab3Cell.xib in Resources */ = {isa = PBXBuildFile; fileRef = 2264CC761950390400F032FF /* Tab3Cell.xib */; };
		2264CC7A195039F300F032FF /* discover_hot_post@2x.png in Resources */ = {isa = PBXBuildFile; fileRef = 2264CC79195039F300F032FF /* discover_hot_post@2x.png */; };
		227478861957D53500FCCC58 /* icon_unreaded@2x.png in Resources */ = {isa = PBXBuildFile; fileRef = 227478851957D53500FCCC58 /* icon_unreaded@2x.png */; };
		2274788C1957DBFC00FCCC58 /* MsgRecent.m in Sources */ = {isa = PBXBuildFile; fileRef = 2274788B1957DBFC00FCCC58 /* MsgRecent.m */; };
		2274788E1957E57E00FCCC58 /* CoreData.framework in Frameworks */ = {isa = PBXBuildFile; fileRef = 2274788D1957E57E00FCCC58 /* CoreData.framework */; };
		2278F3D4194C1BD4006D1F37 /* XYCTableviewHeader.m in Sources */ = {isa = PBXBuildFile; fileRef = 2278F3D3194C1BD4006D1F37 /* XYCTableviewHeader.m */; };
		2278F3D8194C1DA7006D1F37 /* UserDetailViewController.m in Sources */ = {isa = PBXBuildFile; fileRef = 2278F3D6194C1DA7006D1F37 /* UserDetailViewController.m */; };
		2278F3D9194C1DA7006D1F37 /* UserDetailViewController.xib in Resources */ = {isa = PBXBuildFile; fileRef = 2278F3D7194C1DA7006D1F37 /* UserDetailViewController.xib */; };
		2278F3DB194C1F16006D1F37 /* user_detail_head_img_bg@2x.png in Resources */ = {isa = PBXBuildFile; fileRef = 2278F3DA194C1F16006D1F37 /* user_detail_head_img_bg@2x.png */; };
		227AEE5C195285B7004FC29C /* talk_bar_btn_keyboard@2x.png in Resources */ = {isa = PBXBuildFile; fileRef = 227AEE5B195285B7004FC29C /* talk_bar_btn_keyboard@2x.png */; };
		227AEE601952BCBD004FC29C /* PostListVC.m in Sources */ = {isa = PBXBuildFile; fileRef = 227AEE5E1952BCBD004FC29C /* PostListVC.m */; };
		227AEE611952BCBD004FC29C /* PostListVC.xib in Resources */ = {isa = PBXBuildFile; fileRef = 227AEE5F1952BCBD004FC29C /* PostListVC.xib */; };
		227AEE641952BD24004FC29C /* PostListCell.m in Sources */ = {isa = PBXBuildFile; fileRef = 227AEE631952BD24004FC29C /* PostListCell.m */; };
		227AEE671952D2D7004FC29C /* XYCTalkInputBar.m in Sources */ = {isa = PBXBuildFile; fileRef = 227AEE661952D2D7004FC29C /* XYCTalkInputBar.m */; };
		227B0A58194312DE00F61DE7 /* CoreLocation.framework in Frameworks */ = {isa = PBXBuildFile; fileRef = 227B0A57194312DE00F61DE7 /* CoreLocation.framework */; };
		227B0A5A194312E300F61DE7 /* MapKit.framework in Frameworks */ = {isa = PBXBuildFile; fileRef = 227B0A59194312E300F61DE7 /* MapKit.framework */; };
		227B0A5D1943171F00F61DE7 /* pin_female@2x.png in Resources */ = {isa = PBXBuildFile; fileRef = 227B0A5B1943171F00F61DE7 /* pin_female@2x.png */; };
		227B0A5E1943171F00F61DE7 /* pin_male@2x.png in Resources */ = {isa = PBXBuildFile; fileRef = 227B0A5C1943171F00F61DE7 /* pin_male@2x.png */; };
		227D3376195524AE00021F78 /* map_callout_lefthead@2x.png in Resources */ = {isa = PBXBuildFile; fileRef = 227D3375195524AE00021F78 /* map_callout_lefthead@2x.png */; };
		227D337919555B8B00021F78 /* Utils7Days.m in Sources */ = {isa = PBXBuildFile; fileRef = 227D337819555B8B00021F78 /* Utils7Days.m */; };
		227D337C1955893400021F78 /* ImgData.m in Sources */ = {isa = PBXBuildFile; fileRef = 227D337B1955893400021F78 /* ImgData.m */; };
		228415391946FA8C004390C1 /* red_line_and_shadow@2x.png in Resources */ = {isa = PBXBuildFile; fileRef = 228415381946FA8C004390C1 /* red_line_and_shadow@2x.png */; };
		2284153D1946FB88004390C1 /* HotViewController.m in Sources */ = {isa = PBXBuildFile; fileRef = 2284153B1946FB88004390C1 /* HotViewController.m */; };
		2284153E1946FB88004390C1 /* HotViewController.xib in Resources */ = {isa = PBXBuildFile; fileRef = 2284153C1946FB88004390C1 /* HotViewController.xib */; };
		228541C119480037005580BD /* btn_back_normal@2x.png in Resources */ = {isa = PBXBuildFile; fileRef = 228541BF19480037005580BD /* btn_back_normal@2x.png */; };
		228541C219480037005580BD /* hot_navi_bg@2x.png in Resources */ = {isa = PBXBuildFile; fileRef = 228541C019480037005580BD /* hot_navi_bg@2x.png */; };
		228541C41948056A005580BD /* hot_slide_bg@2x.png in Resources */ = {isa = PBXBuildFile; fileRef = 228541C31948056A005580BD /* hot_slide_bg@2x.png */; };
		228541C8194836CD005580BD /* PostDetailViewController.m in Sources */ = {isa = PBXBuildFile; fileRef = 228541C6194836CD005580BD /* PostDetailViewController.m */; };
		228541C9194836CD005580BD /* PostDetailViewController.xib in Resources */ = {isa = PBXBuildFile; fileRef = 228541C7194836CD005580BD /* PostDetailViewController.xib */; };
		228541CD194836EC005580BD /* PostDetailTableViewCell.m in Sources */ = {isa = PBXBuildFile; fileRef = 228541CB194836EC005580BD /* PostDetailTableViewCell.m */; };
		228541D519484406005580BD /* Post.m in Sources */ = {isa = PBXBuildFile; fileRef = 228541D419484406005580BD /* Post.m */; };
		228541EF19485520005580BD /* QuartzCore.framework in Frameworks */ = {isa = PBXBuildFile; fileRef = 226310EC1942F2110056E133 /* QuartzCore.framework */; };
		22B4D924194551AE00FB211C /* map_btn_locate_nor@2x.png in Resources */ = {isa = PBXBuildFile; fileRef = 22B4D922194551AE00FB211C /* map_btn_locate_nor@2x.png */; };
		22B4D925194551AE00FB211C /* map_btn_locate_press@2x.png in Resources */ = {isa = PBXBuildFile; fileRef = 22B4D923194551AE00FB211C /* map_btn_locate_press@2x.png */; };
		22B4D92719455B1B00FB211C /* map_cluster_bg@2x.png in Resources */ = {isa = PBXBuildFile; fileRef = 22B4D92619455B1B00FB211C /* map_cluster_bg@2x.png */; };
		22B80D8A1957F9EB00142D36 /* msg_comments@2x.png in Resources */ = {isa = PBXBuildFile; fileRef = 22B80D881957F9EB00142D36 /* msg_comments@2x.png */; };
		22B80D8B1957F9EB00142D36 /* msg_good@2x.png in Resources */ = {isa = PBXBuildFile; fileRef = 22B80D891957F9EB00142D36 /* msg_good@2x.png */; };
		22B80D8E1957FBA100142D36 /* msg_like@2x.png in Resources */ = {isa = PBXBuildFile; fileRef = 22B80D8C1957FBA100142D36 /* msg_like@2x.png */; };
		22B80D8F1957FBA100142D36 /* msg_visit@2x.png in Resources */ = {isa = PBXBuildFile; fileRef = 22B80D8D1957FBA100142D36 /* msg_visit@2x.png */; };
		22B80D911957FBE800142D36 /* msg_pair_request@2x.png in Resources */ = {isa = PBXBuildFile; fileRef = 22B80D901957FBE800142D36 /* msg_pair_request@2x.png */; };
		22B80D951958263400142D36 /* CHTumblrMenuView.m in Sources */ = {isa = PBXBuildFile; fileRef = 22B80D941958263400142D36 /* CHTumblrMenuView.m */; };
		22B80D9C1958265B00142D36 /* post_type_bubble_chat@2x.png in Resources */ = {isa = PBXBuildFile; fileRef = 22B80D961958265B00142D36 /* post_type_bubble_chat@2x.png */; };
		22B80D9D1958265B00142D36 /* post_type_bubble_link@2x.png in Resources */ = {isa = PBXBuildFile; fileRef = 22B80D971958265B00142D36 /* post_type_bubble_link@2x.png */; };
		22B80D9E1958265B00142D36 /* post_type_bubble_photo@2x.png in Resources */ = {isa = PBXBuildFile; fileRef = 22B80D981958265B00142D36 /* post_type_bubble_photo@2x.png */; };
		22B80D9F1958265B00142D36 /* post_type_bubble_quote@2x.png in Resources */ = {isa = PBXBuildFile; fileRef = 22B80D991958265B00142D36 /* post_type_bubble_quote@2x.png */; };
		22B80DA01958265B00142D36 /* post_type_bubble_text@2x.png in Resources */ = {isa = PBXBuildFile; fileRef = 22B80D9A1958265B00142D36 /* post_type_bubble_text@2x.png */; };
		22B80DA11958265B00142D36 /* post_type_bubble_video@2x.png in Resources */ = {isa = PBXBuildFile; fileRef = 22B80D9B1958265B00142D36 /* post_type_bubble_video@2x.png */; };
		22B80DA3195826F000142D36 /* modal_background@2x.png in Resources */ = {isa = PBXBuildFile; fileRef = 22B80DA2195826F000142D36 /* modal_background@2x.png */; };
		288765A50DF7441C002DB57D /* CoreGraphics.framework in Frameworks */ = {isa = PBXBuildFile; fileRef = 288765A40DF7441C002DB57D /* CoreGraphics.framework */; };
/* End PBXBuildFile section */

/* Begin PBXFileReference section */
		1D30AB110D05D00D00671497 /* Foundation.framework */ = {isa = PBXFileReference; lastKnownFileType = wrapper.framework; name = Foundation.framework; path = System/Library/Frameworks/Foundation.framework; sourceTree = SDKROOT; };
		1D6058910D05DD3D006BFB54 /* SevenDays.app */ = {isa = PBXFileReference; explicitFileType = wrapper.application; includeInIndex = 0; path = SevenDays.app; sourceTree = BUILT_PRODUCTS_DIR; };
		1DF5F4DF0D08C38300B7A737 /* UIKit.framework */ = {isa = PBXFileReference; lastKnownFileType = wrapper.framework; name = UIKit.framework; path = System/Library/Frameworks/UIKit.framework; sourceTree = SDKROOT; };
		222D07F51949A93B006785FA /* UIViewExt.h */ = {isa = PBXFileReference; fileEncoding = 4; lastKnownFileType = sourcecode.c.h; path = UIViewExt.h; sourceTree = "<group>"; };
		222D07F61949A93B006785FA /* UIViewExt.m */ = {isa = PBXFileReference; fileEncoding = 4; lastKnownFileType = sourcecode.c.objc; path = UIViewExt.m; sourceTree = "<group>"; };
		222D07FA1949AEB8006785FA /* ic_support@2x.png */ = {isa = PBXFileReference; lastKnownFileType = image.png; path = "ic_support@2x.png"; sourceTree = "<group>"; };
		222D07FB1949AEB8006785FA /* ic_reply@2x.png */ = {isa = PBXFileReference; lastKnownFileType = image.png; path = "ic_reply@2x.png"; sourceTree = "<group>"; };
		2231F79E194E8B88002F6DB8 /* SettingViewController.h */ = {isa = PBXFileReference; fileEncoding = 4; lastKnownFileType = sourcecode.c.h; name = SettingViewController.h; path = Controller/SettingViewController.h; sourceTree = "<group>"; };
		2231F79F194E8B89002F6DB8 /* SettingViewController.m */ = {isa = PBXFileReference; fileEncoding = 4; lastKnownFileType = sourcecode.c.objc; name = SettingViewController.m; path = Controller/SettingViewController.m; sourceTree = "<group>"; };
		2231F7A0194E8B89002F6DB8 /* SettingViewController.xib */ = {isa = PBXFileReference; fileEncoding = 4; lastKnownFileType = file.xib; name = SettingViewController.xib; path = Controller/SettingViewController.xib; sourceTree = "<group>"; };
		2231F7A3194E8BB6002F6DB8 /* SettingViewCell.h */ = {isa = PBXFileReference; fileEncoding = 4; lastKnownFileType = sourcecode.c.h; name = SettingViewCell.h; path = Controller/SettingViewCell.h; sourceTree = "<group>"; };
		2231F7A4194E8BB6002F6DB8 /* SettingViewCell.m */ = {isa = PBXFileReference; fileEncoding = 4; lastKnownFileType = sourcecode.c.objc; name = SettingViewCell.m; path = Controller/SettingViewCell.m; sourceTree = "<group>"; };
		2231F7A5194E8BB6002F6DB8 /* SettingViewCell.xib */ = {isa = PBXFileReference; fileEncoding = 4; lastKnownFileType = file.xib; name = SettingViewCell.xib; path = Controller/SettingViewCell.xib; sourceTree = "<group>"; };
		2231F7A8194E9822002F6DB8 /* user_detail_devil@2x.png */ = {isa = PBXFileReference; lastKnownFileType = image.png; name = "user_detail_devil@2x.png"; path = "Art/user_detail_devil@2x.png"; sourceTree = "<group>"; };
		2231F7AA194E999B002F6DB8 /* map_btn_add_post@2x.png */ = {isa = PBXFileReference; lastKnownFileType = image.png; name = "map_btn_add_post@2x.png"; path = "Art/map_btn_add_post@2x.png"; sourceTree = "<group>"; };
		2231F7AC194EA2CD002F6DB8 /* WritePostViewController.h */ = {isa = PBXFileReference; fileEncoding = 4; lastKnownFileType = sourcecode.c.h; name = WritePostViewController.h; path = Controller/WritePostViewController.h; sourceTree = "<group>"; };
		2231F7AD194EA2CD002F6DB8 /* WritePostViewController.m */ = {isa = PBXFileReference; fileEncoding = 4; lastKnownFileType = sourcecode.c.objc; name = WritePostViewController.m; path = Controller/WritePostViewController.m; sourceTree = "<group>"; };
		2231F7AE194EA2CD002F6DB8 /* WritePostViewController.xib */ = {isa = PBXFileReference; fileEncoding = 4; lastKnownFileType = file.xib; name = WritePostViewController.xib; path = Controller/WritePostViewController.xib; sourceTree = "<group>"; };
		2231F7B1194EB98F002F6DB8 /* write_post_smile@2x.png */ = {isa = PBXFileReference; lastKnownFileType = image.png; name = "write_post_smile@2x.png"; path = "Art/write_post_smile@2x.png"; sourceTree = "<group>"; };
		2231F7B3194ECCB1002F6DB8 /* tab_write_post@2x.png */ = {isa = PBXFileReference; lastKnownFileType = image.png; name = "tab_write_post@2x.png"; path = "Art/tab_write_post@2x.png"; sourceTree = "<group>"; };
		2231F7B5194ECF5C002F6DB8 /* TabMiddleViewController.h */ = {isa = PBXFileReference; fileEncoding = 4; lastKnownFileType = sourcecode.c.h; name = TabMiddleViewController.h; path = Tabs/TabMiddleViewController.h; sourceTree = "<group>"; };
		2231F7B6194ECF5C002F6DB8 /* TabMiddleViewController.m */ = {isa = PBXFileReference; fileEncoding = 4; lastKnownFileType = sourcecode.c.objc; name = TabMiddleViewController.m; path = Tabs/TabMiddleViewController.m; sourceTree = "<group>"; };
		2231F7B7194ECF5C002F6DB8 /* TabMiddleViewController.xib */ = {isa = PBXFileReference; fileEncoding = 4; lastKnownFileType = file.xib; name = TabMiddleViewController.xib; path = Tabs/TabMiddleViewController.xib; sourceTree = "<group>"; };
		2231F7BA194ED978002F6DB8 /* TalkViewController.h */ = {isa = PBXFileReference; fileEncoding = 4; lastKnownFileType = sourcecode.c.h; name = TalkViewController.h; path = Controller/TalkViewController.h; sourceTree = "<group>"; };
		2231F7BB194ED978002F6DB8 /* TalkViewController.m */ = {isa = PBXFileReference; fileEncoding = 4; lastKnownFileType = sourcecode.c.objc; name = TalkViewController.m; path = Controller/TalkViewController.m; sourceTree = "<group>"; };
		2231F7BC194ED978002F6DB8 /* TalkViewController.xib */ = {isa = PBXFileReference; fileEncoding = 4; lastKnownFileType = file.xib; name = TalkViewController.xib; path = Controller/TalkViewController.xib; sourceTree = "<group>"; };
		2231F7BF194ED99D002F6DB8 /* TalkViewCell.h */ = {isa = PBXFileReference; fileEncoding = 4; lastKnownFileType = sourcecode.c.h; name = TalkViewCell.h; path = Controller/TalkViewCell.h; sourceTree = "<group>"; };
		2231F7C0194ED99D002F6DB8 /* TalkViewCell.m */ = {isa = PBXFileReference; fileEncoding = 4; lastKnownFileType = sourcecode.c.objc; name = TalkViewCell.m; path = Controller/TalkViewCell.m; sourceTree = "<group>"; };
		2231F7C1194ED99D002F6DB8 /* TalkViewCell.xib */ = {isa = PBXFileReference; fileEncoding = 4; lastKnownFileType = file.xib; name = TalkViewCell.xib; path = Controller/TalkViewCell.xib; sourceTree = "<group>"; };
		2231F7C4194EDA34002F6DB8 /* talk_user_head_bg@2x.png */ = {isa = PBXFileReference; lastKnownFileType = image.png; name = "talk_user_head_bg@2x.png"; path = "Art/talk_user_head_bg@2x.png"; sourceTree = "<group>"; };
		2231F7C6194EDB4F002F6DB8 /* User7D.h */ = {isa = PBXFileReference; fileEncoding = 4; lastKnownFileType = sourcecode.c.h; name = User7D.h; path = Model/User7D.h; sourceTree = "<group>"; };
		2231F7C7194EDB4F002F6DB8 /* User7D.m */ = {isa = PBXFileReference; fileEncoding = 4; lastKnownFileType = sourcecode.c.objc; name = User7D.m; path = Model/User7D.m; sourceTree = "<group>"; };
		2231F7C9194EDECA002F6DB8 /* TalkMsg.h */ = {isa = PBXFileReference; fileEncoding = 4; lastKnownFileType = sourcecode.c.h; name = TalkMsg.h; path = Model/TalkMsg.h; sourceTree = "<group>"; };
		2231F7CA194EDECA002F6DB8 /* TalkMsg.m */ = {isa = PBXFileReference; fileEncoding = 4; lastKnownFileType = sourcecode.c.objc; name = TalkMsg.m; path = Model/TalkMsg.m; sourceTree = "<group>"; };
		2231F7CC194EE470002F6DB8 /* XYCBubbleLabel.h */ = {isa = PBXFileReference; fileEncoding = 4; lastKnownFileType = sourcecode.c.h; name = XYCBubbleLabel.h; path = Custom/XYCBubbleLabel.h; sourceTree = "<group>"; };
		2231F7CD194EE470002F6DB8 /* XYCBubbleLabel.m */ = {isa = PBXFileReference; fileEncoding = 4; lastKnownFileType = sourcecode.c.objc; name = XYCBubbleLabel.m; path = Custom/XYCBubbleLabel.m; sourceTree = "<group>"; };
		2231F7CF194EE576002F6DB8 /* talk_qipao_left@2x.png */ = {isa = PBXFileReference; lastKnownFileType = image.png; name = "talk_qipao_left@2x.png"; path = "Art/talk_qipao_left@2x.png"; sourceTree = "<group>"; };
		2231F7D0194EE576002F6DB8 /* talk_qipao_right@2x.png */ = {isa = PBXFileReference; lastKnownFileType = image.png; name = "talk_qipao_right@2x.png"; path = "Art/talk_qipao_right@2x.png"; sourceTree = "<group>"; };
		2236A243194A9E4A005701AC /* bg_tableview_content_card@2x.png */ = {isa = PBXFileReference; lastKnownFileType = image.png; name = "bg_tableview_content_card@2x.png"; path = "Art/bg_tableview_content_card@2x.png"; sourceTree = "<group>"; };
		2236A245194AC059005701AC /* bg_tableview_content_head@2x.png */ = {isa = PBXFileReference; lastKnownFileType = image.png; name = "bg_tableview_content_head@2x.png"; path = "Art/bg_tableview_content_head@2x.png"; sourceTree = "<group>"; };
		2236A246194AC059005701AC /* bg_tableview_content_img@2x.png */ = {isa = PBXFileReference; lastKnownFileType = image.png; name = "bg_tableview_content_img@2x.png"; path = "Art/bg_tableview_content_img@2x.png"; sourceTree = "<group>"; };
		2236A249194AD7A0005701AC /* XYCUtils.h */ = {isa = PBXFileReference; fileEncoding = 4; lastKnownFileType = sourcecode.c.h; name = XYCUtils.h; path = Service/XYCUtils.h; sourceTree = "<group>"; };
		2236A24A194AD7A0005701AC /* XYCUtils.m */ = {isa = PBXFileReference; fileEncoding = 4; lastKnownFileType = sourcecode.c.objc; name = XYCUtils.m; path = Service/XYCUtils.m; sourceTree = "<group>"; };
		2236A24C194AF49F005701AC /* TAB4ViewController.h */ = {isa = PBXFileReference; fileEncoding = 4; lastKnownFileType = sourcecode.c.h; name = TAB4ViewController.h; path = Tabs/TAB4ViewController.h; sourceTree = "<group>"; };
		2236A24D194AF49F005701AC /* TAB4ViewController.m */ = {isa = PBXFileReference; fileEncoding = 4; lastKnownFileType = sourcecode.c.objc; name = TAB4ViewController.m; path = Tabs/TAB4ViewController.m; sourceTree = "<group>"; };
		2236A24E194AF49F005701AC /* TAB4ViewController.xib */ = {isa = PBXFileReference; fileEncoding = 4; lastKnownFileType = file.xib; name = TAB4ViewController.xib; path = Tabs/TAB4ViewController.xib; sourceTree = "<group>"; };
		2236A251194AF530005701AC /* Tab4Cell.h */ = {isa = PBXFileReference; fileEncoding = 4; lastKnownFileType = sourcecode.c.h; name = Tab4Cell.h; path = Tabs/Tab4Cell.h; sourceTree = "<group>"; };
		2236A252194AF530005701AC /* Tab4Cell.m */ = {isa = PBXFileReference; fileEncoding = 4; lastKnownFileType = sourcecode.c.objc; name = Tab4Cell.m; path = Tabs/Tab4Cell.m; sourceTree = "<group>"; };
		2236A253194AF530005701AC /* Tab4Cell.xib */ = {isa = PBXFileReference; fileEncoding = 4; lastKnownFileType = file.xib; name = Tab4Cell.xib; path = Tabs/Tab4Cell.xib; sourceTree = "<group>"; };
		2236A256194AF6A7005701AC /* user_center_tableview_head_bg@2x.png */ = {isa = PBXFileReference; lastKnownFileType = image.png; name = "user_center_tableview_head_bg@2x.png"; path = "Art/user_center_tableview_head_bg@2x.png"; sourceTree = "<group>"; };
		2236A257194AF6A7005701AC /* user_center_tableview_left_ic_like@2x.png */ = {isa = PBXFileReference; lastKnownFileType = image.png; name = "user_center_tableview_left_ic_like@2x.png"; path = "Art/user_center_tableview_left_ic_like@2x.png"; sourceTree = "<group>"; };
		2236F6DB194D827200CD61C8 /* user_detail_head_bg@2x.png */ = {isa = PBXFileReference; lastKnownFileType = image.png; name = "user_detail_head_bg@2x.png"; path = "Art/user_detail_head_bg@2x.png"; sourceTree = "<group>"; };
		2236F6DD194D886F00CD61C8 /* gender_male@2x.png */ = {isa = PBXFileReference; lastKnownFileType = image.png; name = "gender_male@2x.png"; path = "Art/gender_male@2x.png"; sourceTree = "<group>"; };
		2236F6DF194D901300CD61C8 /* UserDetailTableViewCell.h */ = {isa = PBXFileReference; fileEncoding = 4; lastKnownFileType = sourcecode.c.h; name = UserDetailTableViewCell.h; path = Controller/UserDetailTableViewCell.h; sourceTree = "<group>"; };
		2236F6E0194D901300CD61C8 /* UserDetailTableViewCell.m */ = {isa = PBXFileReference; fileEncoding = 4; lastKnownFileType = sourcecode.c.objc; name = UserDetailTableViewCell.m; path = Controller/UserDetailTableViewCell.m; sourceTree = "<group>"; };
		2241EF701957225900E217E0 /* msg_system@2x.png */ = {isa = PBXFileReference; lastKnownFileType = image.png; name = "msg_system@2x.png"; path = "Art/msg_system@2x.png"; sourceTree = "<group>"; };
		2241EF72195722AA00E217E0 /* msg_at@2x.png */ = {isa = PBXFileReference; lastKnownFileType = image.png; name = "msg_at@2x.png"; path = "Art/msg_at@2x.png"; sourceTree = "<group>"; };
		2241EF751957231200E217E0 /* Model7Days.xcdatamodel */ = {isa = PBXFileReference; lastKnownFileType = wrapper.xcdatamodel; path = Model7Days.xcdatamodel; sourceTree = "<group>"; };
		2241EF7A195724A100E217E0 /* ModelDefine.h */ = {isa = PBXFileReference; lastKnownFileType = sourcecode.c.h; name = ModelDefine.h; path = Model/ModelDefine.h; sourceTree = "<group>"; };
		2241EF7B1957279400E217E0 /* DBHelper.h */ = {isa = PBXFileReference; fileEncoding = 4; lastKnownFileType = sourcecode.c.h; name = DBHelper.h; path = Service/DBHelper.h; sourceTree = "<group>"; };
		2241EF7C1957279400E217E0 /* DBHelper.m */ = {isa = PBXFileReference; fileEncoding = 4; lastKnownFileType = sourcecode.c.objc; name = DBHelper.m; path = Service/DBHelper.m; sourceTree = "<group>"; };
		2241EF7E1957378300E217E0 /* Msg.h */ = {isa = PBXFileReference; fileEncoding = 4; lastKnownFileType = sourcecode.c.h; name = Msg.h; path = Model/Msg.h; sourceTree = "<group>"; };
		2241EF7F1957378300E217E0 /* Msg.m */ = {isa = PBXFileReference; fileEncoding = 4; lastKnownFileType = sourcecode.c.objc; name = Msg.m; path = Model/Msg.m; sourceTree = "<group>"; };
		2263109A1942AE680056E133 /* IntroControll.h */ = {isa = PBXFileReference; fileEncoding = 4; lastKnownFileType = sourcecode.c.h; path = IntroControll.h; sourceTree = "<group>"; };
		2263109B1942AE680056E133 /* IntroControll.m */ = {isa = PBXFileReference; fileEncoding = 4; lastKnownFileType = sourcecode.c.objc; path = IntroControll.m; sourceTree = "<group>"; };
		2263109C1942AE680056E133 /* IntroModel.h */ = {isa = PBXFileReference; fileEncoding = 4; lastKnownFileType = sourcecode.c.h; path = IntroModel.h; sourceTree = "<group>"; };
		2263109D1942AE680056E133 /* IntroModel.m */ = {isa = PBXFileReference; fileEncoding = 4; lastKnownFileType = sourcecode.c.objc; path = IntroModel.m; sourceTree = "<group>"; };
		2263109E1942AE680056E133 /* IntroView.h */ = {isa = PBXFileReference; fileEncoding = 4; lastKnownFileType = sourcecode.c.h; path = IntroView.h; sourceTree = "<group>"; };
		2263109F1942AE680056E133 /* IntroView.m */ = {isa = PBXFileReference; fileEncoding = 4; lastKnownFileType = sourcecode.c.objc; path = IntroView.m; sourceTree = "<group>"; };
		226310AC1942B4020056E133 /* Default-568h@2x.png */ = {isa = PBXFileReference; lastKnownFileType = image.png; name = "Default-568h@2x.png"; path = "Art/Default-568h@2x.png"; sourceTree = "<group>"; };
		226310AD1942B4020056E133 /* Default-Landscape~ipad.png */ = {isa = PBXFileReference; lastKnownFileType = image.png; name = "Default-Landscape~ipad.png"; path = "Art/Default-Landscape~ipad.png"; sourceTree = "<group>"; };
		226310AE1942B4020056E133 /* Default-Portrait~ipad.png */ = {isa = PBXFileReference; lastKnownFileType = image.png; name = "Default-Portrait~ipad.png"; path = "Art/Default-Portrait~ipad.png"; sourceTree = "<group>"; };
		226310AF1942B4020056E133 /* Default.png */ = {isa = PBXFileReference; lastKnownFileType = image.png; name = Default.png; path = Art/Default.png; sourceTree = "<group>"; };
		226310B01942B4020056E133 /* Default@2x.png */ = {isa = PBXFileReference; lastKnownFileType = image.png; name = "Default@2x.png"; path = "Art/Default@2x.png"; sourceTree = "<group>"; };
		226310B11942B4020056E133 /* icon-iPad.png */ = {isa = PBXFileReference; lastKnownFileType = image.png; name = "icon-iPad.png"; path = "Art/icon-iPad.png"; sourceTree = "<group>"; };
		226310B21942B4020056E133 /* icon.png */ = {isa = PBXFileReference; lastKnownFileType = image.png; name = icon.png; path = Art/icon.png; sourceTree = "<group>"; };
		226310B31942B4020056E133 /* icon@2x.png */ = {isa = PBXFileReference; lastKnownFileType = image.png; name = "icon@2x.png"; path = "Art/icon@2x.png"; sourceTree = "<group>"; };
		226310B41942B4020056E133 /* intro1@2x.png */ = {isa = PBXFileReference; lastKnownFileType = image.png; name = "intro1@2x.png"; path = "Art/intro1@2x.png"; sourceTree = "<group>"; };
		226310B51942B4020056E133 /* intro2@2x.png */ = {isa = PBXFileReference; lastKnownFileType = image.png; name = "intro2@2x.png"; path = "Art/intro2@2x.png"; sourceTree = "<group>"; };
		226310B61942B4020056E133 /* intro3@2x.png */ = {isa = PBXFileReference; lastKnownFileType = image.png; name = "intro3@2x.png"; path = "Art/intro3@2x.png"; sourceTree = "<group>"; };
		226310B71942B4020056E133 /* mymusic.png */ = {isa = PBXFileReference; lastKnownFileType = image.png; name = mymusic.png; path = Art/mymusic.png; sourceTree = "<group>"; };
		226310B81942B4020056E133 /* mymusic@2x.png */ = {isa = PBXFileReference; lastKnownFileType = image.png; name = "mymusic@2x.png"; path = "Art/mymusic@2x.png"; sourceTree = "<group>"; };
		226310B91942B4020056E133 /* mymusicSelected.png */ = {isa = PBXFileReference; lastKnownFileType = image.png; name = mymusicSelected.png; path = Art/mymusicSelected.png; sourceTree = "<group>"; };
		226310BA1942B4020056E133 /* mymusicSelected@2x.png */ = {isa = PBXFileReference; lastKnownFileType = image.png; name = "mymusicSelected@2x.png"; path = "Art/mymusicSelected@2x.png"; sourceTree = "<group>"; };
		226310BB1942B4020056E133 /* tab_item_normal_bg.png */ = {isa = PBXFileReference; lastKnownFileType = image.png; name = tab_item_normal_bg.png; path = Art/tab_item_normal_bg.png; sourceTree = "<group>"; };
		226310BC1942B4020056E133 /* tab_unread_bg@2x.png */ = {isa = PBXFileReference; lastKnownFileType = image.png; name = "tab_unread_bg@2x.png"; path = "Art/tab_unread_bg@2x.png"; sourceTree = "<group>"; };
		226310BD1942B4020056E133 /* tab0_selected@2x.png */ = {isa = PBXFileReference; lastKnownFileType = image.png; name = "tab0_selected@2x.png"; path = "Art/tab0_selected@2x.png"; sourceTree = "<group>"; };
		226310BE1942B4020056E133 /* tab0@2x.png */ = {isa = PBXFileReference; lastKnownFileType = image.png; name = "tab0@2x.png"; path = "Art/tab0@2x.png"; sourceTree = "<group>"; };
		226310BF1942B4020056E133 /* tab1_selected@2x.png */ = {isa = PBXFileReference; lastKnownFileType = image.png; name = "tab1_selected@2x.png"; path = "Art/tab1_selected@2x.png"; sourceTree = "<group>"; };
		226310C01942B4020056E133 /* tab1@2x.png */ = {isa = PBXFileReference; lastKnownFileType = image.png; name = "tab1@2x.png"; path = "Art/tab1@2x.png"; sourceTree = "<group>"; };
		226310C11942B4020056E133 /* tab2_selected@2x.png */ = {isa = PBXFileReference; lastKnownFileType = image.png; name = "tab2_selected@2x.png"; path = "Art/tab2_selected@2x.png"; sourceTree = "<group>"; };
		226310C21942B4020056E133 /* tab2@2x.png */ = {isa = PBXFileReference; lastKnownFileType = image.png; name = "tab2@2x.png"; path = "Art/tab2@2x.png"; sourceTree = "<group>"; };
		226310C31942B4020056E133 /* tab3_selected@2x.png */ = {isa = PBXFileReference; lastKnownFileType = image.png; name = "tab3_selected@2x.png"; path = "Art/tab3_selected@2x.png"; sourceTree = "<group>"; };
		226310C41942B4020056E133 /* tab3@2x.png */ = {isa = PBXFileReference; lastKnownFileType = image.png; name = "tab3@2x.png"; path = "Art/tab3@2x.png"; sourceTree = "<group>"; };
		226310E41942E6380056E133 /* btn_enter_app@2x.png */ = {isa = PBXFileReference; lastKnownFileType = image.png; name = "btn_enter_app@2x.png"; path = "Art/btn_enter_app@2x.png"; sourceTree = "<group>"; };
		226310E61942EA350056E133 /* XYCDelegate.h */ = {isa = PBXFileReference; fileEncoding = 4; lastKnownFileType = sourcecode.c.h; path = XYCDelegate.h; sourceTree = "<group>"; };
		226310E71942EA350056E133 /* XYCDelegate.m */ = {isa = PBXFileReference; fileEncoding = 4; lastKnownFileType = sourcecode.c.objc; path = XYCDelegate.m; sourceTree = "<group>"; };
		226310EC1942F2110056E133 /* QuartzCore.framework */ = {isa = PBXFileReference; lastKnownFileType = wrapper.framework; name = QuartzCore.framework; path = System/Library/Frameworks/QuartzCore.framework; sourceTree = SDKROOT; };
		226310F11942F4120056E133 /* SettingHelper.h */ = {isa = PBXFileReference; fileEncoding = 4; lastKnownFileType = sourcecode.c.h; name = SettingHelper.h; path = Service/SettingHelper.h; sourceTree = "<group>"; };
		226310F21942F4120056E133 /* SettingHelper.m */ = {isa = PBXFileReference; fileEncoding = 4; lastKnownFileType = sourcecode.c.objc; name = SettingHelper.m; path = Service/SettingHelper.m; sourceTree = "<group>"; };
		226310F51942F4530056E133 /* IntroViewController.h */ = {isa = PBXFileReference; fileEncoding = 4; lastKnownFileType = sourcecode.c.h; name = IntroViewController.h; path = Controller/IntroViewController.h; sourceTree = "<group>"; };
		226310F61942F4530056E133 /* IntroViewController.m */ = {isa = PBXFileReference; fileEncoding = 4; lastKnownFileType = sourcecode.c.objc; name = IntroViewController.m; path = Controller/IntroViewController.m; sourceTree = "<group>"; };
		226310FE1942F4710056E133 /* TAB1ViewController.h */ = {isa = PBXFileReference; fileEncoding = 4; lastKnownFileType = sourcecode.c.h; name = TAB1ViewController.h; path = Tabs/TAB1ViewController.h; sourceTree = "<group>"; };
		226310FF1942F4710056E133 /* TAB1ViewController.m */ = {isa = PBXFileReference; fileEncoding = 4; lastKnownFileType = sourcecode.c.objc; name = TAB1ViewController.m; path = Tabs/TAB1ViewController.m; sourceTree = "<group>"; };
		226311001942F4710056E133 /* TAB1ViewController.xib */ = {isa = PBXFileReference; fileEncoding = 4; lastKnownFileType = file.xib; name = TAB1ViewController.xib; path = Tabs/TAB1ViewController.xib; sourceTree = "<group>"; };
		226311011942F4710056E133 /* TAB2ViewController.h */ = {isa = PBXFileReference; fileEncoding = 4; lastKnownFileType = sourcecode.c.h; name = TAB2ViewController.h; path = Tabs/TAB2ViewController.h; sourceTree = "<group>"; };
		226311021942F4710056E133 /* TAB2ViewController.m */ = {isa = PBXFileReference; fileEncoding = 4; lastKnownFileType = sourcecode.c.objc; name = TAB2ViewController.m; path = Tabs/TAB2ViewController.m; sourceTree = "<group>"; };
		226311031942F4710056E133 /* TAB2ViewController.xib */ = {isa = PBXFileReference; fileEncoding = 4; lastKnownFileType = file.xib; name = TAB2ViewController.xib; path = Tabs/TAB2ViewController.xib; sourceTree = "<group>"; };
		226311041942F4710056E133 /* TAB3ViewController.h */ = {isa = PBXFileReference; fileEncoding = 4; lastKnownFileType = sourcecode.c.h; name = TAB3ViewController.h; path = Tabs/TAB3ViewController.h; sourceTree = "<group>"; };
		226311051942F4710056E133 /* TAB3ViewController.m */ = {isa = PBXFileReference; fileEncoding = 4; lastKnownFileType = sourcecode.c.objc; name = TAB3ViewController.m; path = Tabs/TAB3ViewController.m; sourceTree = "<group>"; };
		226311061942F4710056E133 /* TAB3ViewController.xib */ = {isa = PBXFileReference; fileEncoding = 4; lastKnownFileType = file.xib; name = TAB3ViewController.xib; path = Tabs/TAB3ViewController.xib; sourceTree = "<group>"; };
		2263110A1942F4710056E133 /* XYCTabController.h */ = {isa = PBXFileReference; fileEncoding = 4; lastKnownFileType = sourcecode.c.h; name = XYCTabController.h; path = Tabs/XYCTabController.h; sourceTree = "<group>"; };
		2263110B1942F4710056E133 /* XYCTabController.m */ = {isa = PBXFileReference; fileEncoding = 4; lastKnownFileType = sourcecode.c.objc; name = XYCTabController.m; path = Tabs/XYCTabController.m; sourceTree = "<group>"; };
		226311151942F5A20056E133 /* TabDefine.h */ = {isa = PBXFileReference; fileEncoding = 4; lastKnownFileType = sourcecode.c.h; name = TabDefine.h; path = Tabs/TabDefine.h; sourceTree = "<group>"; };
		2263111819430FE80056E133 /* VPPMapCluster.h */ = {isa = PBXFileReference; fileEncoding = 4; lastKnownFileType = sourcecode.c.h; path = VPPMapCluster.h; sourceTree = "<group>"; };
		2263111919430FE80056E133 /* VPPMapCluster.m */ = {isa = PBXFileReference; fileEncoding = 4; lastKnownFileType = sourcecode.c.objc; path = VPPMapCluster.m; sourceTree = "<group>"; };
		2263111A19430FE80056E133 /* VPPMapClusterHelper.h */ = {isa = PBXFileReference; fileEncoding = 4; lastKnownFileType = sourcecode.c.h; path = VPPMapClusterHelper.h; sourceTree = "<group>"; };
		2263111B19430FE80056E133 /* VPPMapClusterHelper.m */ = {isa = PBXFileReference; fileEncoding = 4; lastKnownFileType = sourcecode.c.objc; path = VPPMapClusterHelper.m; sourceTree = "<group>"; };
		2263111C19430FE80056E133 /* VPPMapClusterView.h */ = {isa = PBXFileReference; fileEncoding = 4; lastKnownFileType = sourcecode.c.h; path = VPPMapClusterView.h; sourceTree = "<group>"; };
		2263111D19430FE80056E133 /* VPPMapClusterView.m */ = {isa = PBXFileReference; fileEncoding = 4; lastKnownFileType = sourcecode.c.objc; path = VPPMapClusterView.m; sourceTree = "<group>"; };
		2263112019430FE80056E133 /* XYCMapCustomAnnotation.h */ = {isa = PBXFileReference; fileEncoding = 4; lastKnownFileType = sourcecode.c.h; name = XYCMapCustomAnnotation.h; path = VPPMap/XYCMapCustomAnnotation.h; sourceTree = "<group>"; };
		2263112119430FE80056E133 /* VPPMapHelper.h */ = {isa = PBXFileReference; fileEncoding = 4; lastKnownFileType = sourcecode.c.h; name = VPPMapHelper.h; path = VPPMap/VPPMapHelper.h; sourceTree = "<group>"; };
		2263112219430FE80056E133 /* VPPMapHelper.m */ = {isa = PBXFileReference; fileEncoding = 4; lastKnownFileType = sourcecode.c.objc; name = VPPMapHelper.m; path = VPPMap/VPPMapHelper.m; sourceTree = "<group>"; };
		2263112319430FE80056E133 /* XYCMapHelperDelegate.h */ = {isa = PBXFileReference; fileEncoding = 4; lastKnownFileType = sourcecode.c.h; name = XYCMapHelperDelegate.h; path = VPPMap/XYCMapHelperDelegate.h; sourceTree = "<group>"; };
		22631136194311260056E133 /* XYCMapAnnotation.h */ = {isa = PBXFileReference; fileEncoding = 4; lastKnownFileType = sourcecode.c.h; path = XYCMapAnnotation.h; sourceTree = "<group>"; };
		22631137194311260056E133 /* XYCMapAnnotation.m */ = {isa = PBXFileReference; fileEncoding = 4; lastKnownFileType = sourcecode.c.objc; path = XYCMapAnnotation.m; sourceTree = "<group>"; };
		2264CC67194FEEEF00F032FF /* talk_bar_btn_more@2x.png */ = {isa = PBXFileReference; lastKnownFileType = image.png; name = "talk_bar_btn_more@2x.png"; path = "Art/talk_bar_btn_more@2x.png"; sourceTree = "<group>"; };
		2264CC68194FEEEF00F032FF /* talk_bar_btn_record_audio@2x.png */ = {isa = PBXFileReference; lastKnownFileType = image.png; name = "talk_bar_btn_record_audio@2x.png"; path = "Art/talk_bar_btn_record_audio@2x.png"; sourceTree = "<group>"; };
		2264CC69194FEEEF00F032FF /* talk_bar_btn_smile@2x.png */ = {isa = PBXFileReference; lastKnownFileType = image.png; name = "talk_bar_btn_smile@2x.png"; path = "Art/talk_bar_btn_smile@2x.png"; sourceTree = "<group>"; };
		2264CC6D19502A0600F032FF /* Tab2Cell.h */ = {isa = PBXFileReference; fileEncoding = 4; lastKnownFileType = sourcecode.c.h; name = Tab2Cell.h; path = Tabs/Tab2Cell.h; sourceTree = "<group>"; };
		2264CC6E19502A0600F032FF /* Tab2Cell.m */ = {isa = PBXFileReference; fileEncoding = 4; lastKnownFileType = sourcecode.c.objc; name = Tab2Cell.m; path = Tabs/Tab2Cell.m; sourceTree = "<group>"; };
		2264CC6F19502A0600F032FF /* Tab2Cell.xib */ = {isa = PBXFileReference; fileEncoding = 4; lastKnownFileType = file.xib; name = Tab2Cell.xib; path = Tabs/Tab2Cell.xib; sourceTree = "<group>"; };
		2264CC7219502AB800F032FF /* msg_head_bg@2x.png */ = {isa = PBXFileReference; lastKnownFileType = image.png; name = "msg_head_bg@2x.png"; path = "Art/msg_head_bg@2x.png"; sourceTree = "<group>"; };
		2264CC741950390400F032FF /* Tab3Cell.h */ = {isa = PBXFileReference; fileEncoding = 4; lastKnownFileType = sourcecode.c.h; name = Tab3Cell.h; path = Tabs/Tab3Cell.h; sourceTree = "<group>"; };
		2264CC751950390400F032FF /* Tab3Cell.m */ = {isa = PBXFileReference; fileEncoding = 4; lastKnownFileType = sourcecode.c.objc; name = Tab3Cell.m; path = Tabs/Tab3Cell.m; sourceTree = "<group>"; };
		2264CC761950390400F032FF /* Tab3Cell.xib */ = {isa = PBXFileReference; fileEncoding = 4; lastKnownFileType = file.xib; name = Tab3Cell.xib; path = Tabs/Tab3Cell.xib; sourceTree = "<group>"; };
		2264CC79195039F300F032FF /* discover_hot_post@2x.png */ = {isa = PBXFileReference; lastKnownFileType = image.png; name = "discover_hot_post@2x.png"; path = "Art/discover_hot_post@2x.png"; sourceTree = "<group>"; };
		227478851957D53500FCCC58 /* icon_unreaded@2x.png */ = {isa = PBXFileReference; lastKnownFileType = image.png; name = "icon_unreaded@2x.png"; path = "Art/icon_unreaded@2x.png"; sourceTree = "<group>"; };
		2274788A1957DBFC00FCCC58 /* MsgRecent.h */ = {isa = PBXFileReference; fileEncoding = 4; lastKnownFileType = sourcecode.c.h; name = MsgRecent.h; path = Model/MsgRecent.h; sourceTree = "<group>"; };
		2274788B1957DBFC00FCCC58 /* MsgRecent.m */ = {isa = PBXFileReference; fileEncoding = 4; lastKnownFileType = sourcecode.c.objc; name = MsgRecent.m; path = Model/MsgRecent.m; sourceTree = "<group>"; };
		2274788D1957E57E00FCCC58 /* CoreData.framework */ = {isa = PBXFileReference; lastKnownFileType = wrapper.framework; name = CoreData.framework; path = System/Library/Frameworks/CoreData.framework; sourceTree = SDKROOT; };
		2278F3D2194C1BD4006D1F37 /* XYCTableviewHeader.h */ = {isa = PBXFileReference; fileEncoding = 4; lastKnownFileType = sourcecode.c.h; name = XYCTableviewHeader.h; path = Custom/XYCTableviewHeader.h; sourceTree = "<group>"; };
		2278F3D3194C1BD4006D1F37 /* XYCTableviewHeader.m */ = {isa = PBXFileReference; fileEncoding = 4; lastKnownFileType = sourcecode.c.objc; name = XYCTableviewHeader.m; path = Custom/XYCTableviewHeader.m; sourceTree = "<group>"; };
		2278F3D5194C1DA7006D1F37 /* UserDetailViewController.h */ = {isa = PBXFileReference; fileEncoding = 4; lastKnownFileType = sourcecode.c.h; name = UserDetailViewController.h; path = Controller/UserDetailViewController.h; sourceTree = "<group>"; };
		2278F3D6194C1DA7006D1F37 /* UserDetailViewController.m */ = {isa = PBXFileReference; fileEncoding = 4; lastKnownFileType = sourcecode.c.objc; name = UserDetailViewController.m; path = Controller/UserDetailViewController.m; sourceTree = "<group>"; };
		2278F3D7194C1DA7006D1F37 /* UserDetailViewController.xib */ = {isa = PBXFileReference; fileEncoding = 4; lastKnownFileType = file.xib; name = UserDetailViewController.xib; path = Controller/UserDetailViewController.xib; sourceTree = "<group>"; };
		2278F3DA194C1F16006D1F37 /* user_detail_head_img_bg@2x.png */ = {isa = PBXFileReference; lastKnownFileType = image.png; name = "user_detail_head_img_bg@2x.png"; path = "Art/user_detail_head_img_bg@2x.png"; sourceTree = "<group>"; };
		227AEE5B195285B7004FC29C /* talk_bar_btn_keyboard@2x.png */ = {isa = PBXFileReference; lastKnownFileType = image.png; name = "talk_bar_btn_keyboard@2x.png"; path = "Art/talk_bar_btn_keyboard@2x.png"; sourceTree = "<group>"; };
		227AEE5D1952BCBD004FC29C /* PostListVC.h */ = {isa = PBXFileReference; fileEncoding = 4; lastKnownFileType = sourcecode.c.h; name = PostListVC.h; path = Controller/PostListVC.h; sourceTree = "<group>"; };
		227AEE5E1952BCBD004FC29C /* PostListVC.m */ = {isa = PBXFileReference; fileEncoding = 4; lastKnownFileType = sourcecode.c.objc; name = PostListVC.m; path = Controller/PostListVC.m; sourceTree = "<group>"; };
		227AEE5F1952BCBD004FC29C /* PostListVC.xib */ = {isa = PBXFileReference; fileEncoding = 4; lastKnownFileType = file.xib; name = PostListVC.xib; path = Controller/PostListVC.xib; sourceTree = "<group>"; };
		227AEE621952BD24004FC29C /* PostListCell.h */ = {isa = PBXFileReference; fileEncoding = 4; lastKnownFileType = sourcecode.c.h; name = PostListCell.h; path = Controller/PostListCell.h; sourceTree = "<group>"; };
		227AEE631952BD24004FC29C /* PostListCell.m */ = {isa = PBXFileReference; fileEncoding = 4; lastKnownFileType = sourcecode.c.objc; name = PostListCell.m; path = Controller/PostListCell.m; sourceTree = "<group>"; };
		227AEE651952D2D7004FC29C /* XYCTalkInputBar.h */ = {isa = PBXFileReference; fileEncoding = 4; lastKnownFileType = sourcecode.c.h; name = XYCTalkInputBar.h; path = Custom/XYCTalkInputBar.h; sourceTree = "<group>"; };
		227AEE661952D2D7004FC29C /* XYCTalkInputBar.m */ = {isa = PBXFileReference; fileEncoding = 4; lastKnownFileType = sourcecode.c.objc; name = XYCTalkInputBar.m; path = Custom/XYCTalkInputBar.m; sourceTree = "<group>"; };
		227B0A57194312DE00F61DE7 /* CoreLocation.framework */ = {isa = PBXFileReference; lastKnownFileType = wrapper.framework; name = CoreLocation.framework; path = System/Library/Frameworks/CoreLocation.framework; sourceTree = SDKROOT; };
		227B0A59194312E300F61DE7 /* MapKit.framework */ = {isa = PBXFileReference; lastKnownFileType = wrapper.framework; name = MapKit.framework; path = System/Library/Frameworks/MapKit.framework; sourceTree = SDKROOT; };
		227B0A5B1943171F00F61DE7 /* pin_female@2x.png */ = {isa = PBXFileReference; lastKnownFileType = image.png; name = "pin_female@2x.png"; path = "Art/pin_female@2x.png"; sourceTree = "<group>"; };
		227B0A5C1943171F00F61DE7 /* pin_male@2x.png */ = {isa = PBXFileReference; lastKnownFileType = image.png; name = "pin_male@2x.png"; path = "Art/pin_male@2x.png"; sourceTree = "<group>"; };
		227D3375195524AE00021F78 /* map_callout_lefthead@2x.png */ = {isa = PBXFileReference; lastKnownFileType = image.png; name = "map_callout_lefthead@2x.png"; path = "Art/map_callout_lefthead@2x.png"; sourceTree = "<group>"; };
		227D337719555B8B00021F78 /* Utils7Days.h */ = {isa = PBXFileReference; fileEncoding = 4; lastKnownFileType = sourcecode.c.h; name = Utils7Days.h; path = Service/Utils7Days.h; sourceTree = "<group>"; };
		227D337819555B8B00021F78 /* Utils7Days.m */ = {isa = PBXFileReference; fileEncoding = 4; lastKnownFileType = sourcecode.c.objc; name = Utils7Days.m; path = Service/Utils7Days.m; sourceTree = "<group>"; };
		227D337A1955893400021F78 /* ImgData.h */ = {isa = PBXFileReference; fileEncoding = 4; lastKnownFileType = sourcecode.c.h; name = ImgData.h; path = Model/ImgData.h; sourceTree = "<group>"; };
		227D337B1955893400021F78 /* ImgData.m */ = {isa = PBXFileReference; fileEncoding = 4; lastKnownFileType = sourcecode.c.objc; name = ImgData.m; path = Model/ImgData.m; sourceTree = "<group>"; };
		228415381946FA8C004390C1 /* red_line_and_shadow@2x.png */ = {isa = PBXFileReference; lastKnownFileType = image.png; name = "red_line_and_shadow@2x.png"; path = "Art/red_line_and_shadow@2x.png"; sourceTree = "<group>"; };
		2284153A1946FB88004390C1 /* HotViewController.h */ = {isa = PBXFileReference; fileEncoding = 4; lastKnownFileType = sourcecode.c.h; name = HotViewController.h; path = Controller/HotViewController.h; sourceTree = "<group>"; };
		2284153B1946FB88004390C1 /* HotViewController.m */ = {isa = PBXFileReference; fileEncoding = 4; lastKnownFileType = sourcecode.c.objc; name = HotViewController.m; path = Controller/HotViewController.m; sourceTree = "<group>"; };
		2284153C1946FB88004390C1 /* HotViewController.xib */ = {isa = PBXFileReference; fileEncoding = 4; lastKnownFileType = file.xib; name = HotViewController.xib; path = Controller/HotViewController.xib; sourceTree = "<group>"; };
		228541BF19480037005580BD /* btn_back_normal@2x.png */ = {isa = PBXFileReference; lastKnownFileType = image.png; name = "btn_back_normal@2x.png"; path = "Art/btn_back_normal@2x.png"; sourceTree = "<group>"; };
		228541C019480037005580BD /* hot_navi_bg@2x.png */ = {isa = PBXFileReference; lastKnownFileType = image.png; name = "hot_navi_bg@2x.png"; path = "Art/hot_navi_bg@2x.png"; sourceTree = "<group>"; };
		228541C31948056A005580BD /* hot_slide_bg@2x.png */ = {isa = PBXFileReference; lastKnownFileType = image.png; name = "hot_slide_bg@2x.png"; path = "Art/hot_slide_bg@2x.png"; sourceTree = "<group>"; };
		228541C5194836CD005580BD /* PostDetailViewController.h */ = {isa = PBXFileReference; fileEncoding = 4; lastKnownFileType = sourcecode.c.h; name = PostDetailViewController.h; path = Controller/PostDetailViewController.h; sourceTree = "<group>"; };
		228541C6194836CD005580BD /* PostDetailViewController.m */ = {isa = PBXFileReference; fileEncoding = 4; lastKnownFileType = sourcecode.c.objc; name = PostDetailViewController.m; path = Controller/PostDetailViewController.m; sourceTree = "<group>"; };
		228541C7194836CD005580BD /* PostDetailViewController.xib */ = {isa = PBXFileReference; fileEncoding = 4; lastKnownFileType = file.xib; name = PostDetailViewController.xib; path = Controller/PostDetailViewController.xib; sourceTree = "<group>"; };
		228541CA194836EC005580BD /* PostDetailTableViewCell.h */ = {isa = PBXFileReference; fileEncoding = 4; lastKnownFileType = sourcecode.c.h; name = PostDetailTableViewCell.h; path = Controller/PostDetailTableViewCell.h; sourceTree = "<group>"; };
		228541CB194836EC005580BD /* PostDetailTableViewCell.m */ = {isa = PBXFileReference; fileEncoding = 4; lastKnownFileType = sourcecode.c.objc; name = PostDetailTableViewCell.m; path = Controller/PostDetailTableViewCell.m; sourceTree = "<group>"; };
		228541D319484406005580BD /* Post.h */ = {isa = PBXFileReference; fileEncoding = 4; lastKnownFileType = sourcecode.c.h; name = Post.h; path = Model/Post.h; sourceTree = "<group>"; };
		228541D419484406005580BD /* Post.m */ = {isa = PBXFileReference; fileEncoding = 4; lastKnownFileType = sourcecode.c.objc; name = Post.m; path = Model/Post.m; sourceTree = "<group>"; };
		228541E6194850FD005580BD /* CoreText.framework */ = {isa = PBXFileReference; lastKnownFileType = wrapper.framework; name = CoreText.framework; path = System/Library/Frameworks/CoreText.framework; sourceTree = SDKROOT; };
		22B4D922194551AE00FB211C /* map_btn_locate_nor@2x.png */ = {isa = PBXFileReference; lastKnownFileType = image.png; name = "map_btn_locate_nor@2x.png"; path = "Art/map_btn_locate_nor@2x.png"; sourceTree = "<group>"; };
		22B4D923194551AE00FB211C /* map_btn_locate_press@2x.png */ = {isa = PBXFileReference; lastKnownFileType = image.png; name = "map_btn_locate_press@2x.png"; path = "Art/map_btn_locate_press@2x.png"; sourceTree = "<group>"; };
		22B4D92619455B1B00FB211C /* map_cluster_bg@2x.png */ = {isa = PBXFileReference; lastKnownFileType = image.png; name = "map_cluster_bg@2x.png"; path = "Art/map_cluster_bg@2x.png"; sourceTree = "<group>"; };
		22B80D881957F9EB00142D36 /* msg_comments@2x.png */ = {isa = PBXFileReference; lastKnownFileType = image.png; name = "msg_comments@2x.png"; path = "Art/msg_comments@2x.png"; sourceTree = "<group>"; };
		22B80D891957F9EB00142D36 /* msg_good@2x.png */ = {isa = PBXFileReference; lastKnownFileType = image.png; name = "msg_good@2x.png"; path = "Art/msg_good@2x.png"; sourceTree = "<group>"; };
		22B80D8C1957FBA100142D36 /* msg_like@2x.png */ = {isa = PBXFileReference; lastKnownFileType = image.png; name = "msg_like@2x.png"; path = "Art/msg_like@2x.png"; sourceTree = "<group>"; };
		22B80D8D1957FBA100142D36 /* msg_visit@2x.png */ = {isa = PBXFileReference; lastKnownFileType = image.png; name = "msg_visit@2x.png"; path = "Art/msg_visit@2x.png"; sourceTree = "<group>"; };
		22B80D901957FBE800142D36 /* msg_pair_request@2x.png */ = {isa = PBXFileReference; lastKnownFileType = image.png; name = "msg_pair_request@2x.png"; path = "Art/msg_pair_request@2x.png"; sourceTree = "<group>"; };
		22B80D931958263400142D36 /* CHTumblrMenuView.h */ = {isa = PBXFileReference; fileEncoding = 4; lastKnownFileType = sourcecode.c.h; path = CHTumblrMenuView.h; sourceTree = "<group>"; };
		22B80D941958263400142D36 /* CHTumblrMenuView.m */ = {isa = PBXFileReference; fileEncoding = 4; lastKnownFileType = sourcecode.c.objc; path = CHTumblrMenuView.m; sourceTree = "<group>"; };
		22B80D961958265B00142D36 /* post_type_bubble_chat@2x.png */ = {isa = PBXFileReference; lastKnownFileType = image.png; name = "post_type_bubble_chat@2x.png"; path = "Art/post_type_bubble_chat@2x.png"; sourceTree = "<group>"; };
		22B80D971958265B00142D36 /* post_type_bubble_link@2x.png */ = {isa = PBXFileReference; lastKnownFileType = image.png; name = "post_type_bubble_link@2x.png"; path = "Art/post_type_bubble_link@2x.png"; sourceTree = "<group>"; };
		22B80D981958265B00142D36 /* post_type_bubble_photo@2x.png */ = {isa = PBXFileReference; lastKnownFileType = image.png; name = "post_type_bubble_photo@2x.png"; path = "Art/post_type_bubble_photo@2x.png"; sourceTree = "<group>"; };
		22B80D991958265B00142D36 /* post_type_bubble_quote@2x.png */ = {isa = PBXFileReference; lastKnownFileType = image.png; name = "post_type_bubble_quote@2x.png"; path = "Art/post_type_bubble_quote@2x.png"; sourceTree = "<group>"; };
		22B80D9A1958265B00142D36 /* post_type_bubble_text@2x.png */ = {isa = PBXFileReference; lastKnownFileType = image.png; name = "post_type_bubble_text@2x.png"; path = "Art/post_type_bubble_text@2x.png"; sourceTree = "<group>"; };
		22B80D9B1958265B00142D36 /* post_type_bubble_video@2x.png */ = {isa = PBXFileReference; lastKnownFileType = image.png; name = "post_type_bubble_video@2x.png"; path = "Art/post_type_bubble_video@2x.png"; sourceTree = "<group>"; };
		22B80DA2195826F000142D36 /* modal_background@2x.png */ = {isa = PBXFileReference; lastKnownFileType = image.png; name = "modal_background@2x.png"; path = "Art/modal_background@2x.png"; sourceTree = "<group>"; };
		288765A40DF7441C002DB57D /* CoreGraphics.framework */ = {isa = PBXFileReference; lastKnownFileType = wrapper.framework; name = CoreGraphics.framework; path = System/Library/Frameworks/CoreGraphics.framework; sourceTree = SDKROOT; };
		29B97316FDCFA39411CA2CEA /* main.m */ = {isa = PBXFileReference; fileEncoding = 4; lastKnownFileType = sourcecode.c.objc; path = main.m; sourceTree = "<group>"; };
		32CA4F630368D1EE00C91783 /* SevenDays_Prefix.pch */ = {isa = PBXFileReference; fileEncoding = 4; lastKnownFileType = sourcecode.c.h; path = SevenDays_Prefix.pch; sourceTree = "<group>"; };
		8D1107310486CEB800E47090 /* SevenDays-Info.plist */ = {isa = PBXFileReference; fileEncoding = 4; lastKnownFileType = text.plist.xml; path = "SevenDays-Info.plist"; plistStructureDefinitionIdentifier = "com.apple.xcode.plist.structure-definition.iphone.info-plist"; sourceTree = "<group>"; };
/* End PBXFileReference section */

/* Begin PBXFrameworksBuildPhase section */
		1D60588F0D05DD3D006BFB54 /* Frameworks */ = {
			isa = PBXFrameworksBuildPhase;
			buildActionMask = 2147483647;
			files = (
				2274788E1957E57E00FCCC58 /* CoreData.framework in Frameworks */,
				228541EF19485520005580BD /* QuartzCore.framework in Frameworks */,
				227B0A5A194312E300F61DE7 /* MapKit.framework in Frameworks */,
				227B0A58194312DE00F61DE7 /* CoreLocation.framework in Frameworks */,
				1D60589F0D05DD5A006BFB54 /* Foundation.framework in Frameworks */,
				1DF5F4E00D08C38300B7A737 /* UIKit.framework in Frameworks */,
				288765A50DF7441C002DB57D /* CoreGraphics.framework in Frameworks */,
			);
			runOnlyForDeploymentPostprocessing = 0;
		};
/* End PBXFrameworksBuildPhase section */

/* Begin PBXGroup section */
		19C28FACFE9D520D11CA2CBB /* Products */ = {
			isa = PBXGroup;
			children = (
				1D6058910D05DD3D006BFB54 /* SevenDays.app */,
			);
			name = Products;
			sourceTree = "<group>";
		};
		226310991942AE670056E133 /* IntroControl */ = {
			isa = PBXGroup;
			children = (
				2263109A1942AE680056E133 /* IntroControll.h */,
				2263109B1942AE680056E133 /* IntroControll.m */,
				2263109C1942AE680056E133 /* IntroModel.h */,
				2263109D1942AE680056E133 /* IntroModel.m */,
				2263109E1942AE680056E133 /* IntroView.h */,
				2263109F1942AE680056E133 /* IntroView.m */,
			);
			path = IntroControl;
			sourceTree = "<group>";
		};
		226310DE1942B7DA0056E133 /* Service */ = {
			isa = PBXGroup;
			children = (
				226310F11942F4120056E133 /* SettingHelper.h */,
				226310F21942F4120056E133 /* SettingHelper.m */,
				2236A249194AD7A0005701AC /* XYCUtils.h */,
				2236A24A194AD7A0005701AC /* XYCUtils.m */,
				227D337719555B8B00021F78 /* Utils7Days.h */,
				227D337819555B8B00021F78 /* Utils7Days.m */,
				2241EF7B1957279400E217E0 /* DBHelper.h */,
				2241EF7C1957279400E217E0 /* DBHelper.m */,
			);
			name = Service;
			sourceTree = "<group>";
		};
		226310F41942F4490056E133 /* Controller */ = {
			isa = PBXGroup;
			children = (
				227AEE5D1952BCBD004FC29C /* PostListVC.h */,
				227AEE5E1952BCBD004FC29C /* PostListVC.m */,
				227AEE5F1952BCBD004FC29C /* PostListVC.xib */,
				227AEE621952BD24004FC29C /* PostListCell.h */,
				227AEE631952BD24004FC29C /* PostListCell.m */,
				2284153A1946FB88004390C1 /* HotViewController.h */,
				2284153B1946FB88004390C1 /* HotViewController.m */,
				2284153C1946FB88004390C1 /* HotViewController.xib */,
				228541C5194836CD005580BD /* PostDetailViewController.h */,
				228541C6194836CD005580BD /* PostDetailViewController.m */,
				228541C7194836CD005580BD /* PostDetailViewController.xib */,
				228541CA194836EC005580BD /* PostDetailTableViewCell.h */,
				228541CB194836EC005580BD /* PostDetailTableViewCell.m */,
				226310F51942F4530056E133 /* IntroViewController.h */,
				226310F61942F4530056E133 /* IntroViewController.m */,
				2278F3D5194C1DA7006D1F37 /* UserDetailViewController.h */,
				2278F3D6194C1DA7006D1F37 /* UserDetailViewController.m */,
				2278F3D7194C1DA7006D1F37 /* UserDetailViewController.xib */,
				2236F6DF194D901300CD61C8 /* UserDetailTableViewCell.h */,
				2236F6E0194D901300CD61C8 /* UserDetailTableViewCell.m */,
				2231F79E194E8B88002F6DB8 /* SettingViewController.h */,
				2231F79F194E8B89002F6DB8 /* SettingViewController.m */,
				2231F7A0194E8B89002F6DB8 /* SettingViewController.xib */,
				2231F7A3194E8BB6002F6DB8 /* SettingViewCell.h */,
				2231F7A4194E8BB6002F6DB8 /* SettingViewCell.m */,
				2231F7A5194E8BB6002F6DB8 /* SettingViewCell.xib */,
				2231F7AC194EA2CD002F6DB8 /* WritePostViewController.h */,
				2231F7AD194EA2CD002F6DB8 /* WritePostViewController.m */,
				2231F7AE194EA2CD002F6DB8 /* WritePostViewController.xib */,
				2231F7BA194ED978002F6DB8 /* TalkViewController.h */,
				2231F7BB194ED978002F6DB8 /* TalkViewController.m */,
				2231F7BC194ED978002F6DB8 /* TalkViewController.xib */,
				2231F7BF194ED99D002F6DB8 /* TalkViewCell.h */,
				2231F7C0194ED99D002F6DB8 /* TalkViewCell.m */,
				2231F7C1194ED99D002F6DB8 /* TalkViewCell.xib */,
			);
			name = Controller;
			sourceTree = "<group>";
		};
		226310FD1942F4630056E133 /* Tabs */ = {
			isa = PBXGroup;
			children = (
				226311151942F5A20056E133 /* TabDefine.h */,
				226310FE1942F4710056E133 /* TAB1ViewController.h */,
				226310FF1942F4710056E133 /* TAB1ViewController.m */,
				226311001942F4710056E133 /* TAB1ViewController.xib */,
				226311011942F4710056E133 /* TAB2ViewController.h */,
				226311021942F4710056E133 /* TAB2ViewController.m */,
				226311031942F4710056E133 /* TAB2ViewController.xib */,
				2264CC6D19502A0600F032FF /* Tab2Cell.h */,
				2264CC6E19502A0600F032FF /* Tab2Cell.m */,
				2264CC6F19502A0600F032FF /* Tab2Cell.xib */,
				226311041942F4710056E133 /* TAB3ViewController.h */,
				226311051942F4710056E133 /* TAB3ViewController.m */,
				226311061942F4710056E133 /* TAB3ViewController.xib */,
				2264CC741950390400F032FF /* Tab3Cell.h */,
				2264CC751950390400F032FF /* Tab3Cell.m */,
				2264CC761950390400F032FF /* Tab3Cell.xib */,
				2236A24C194AF49F005701AC /* TAB4ViewController.h */,
				2236A24D194AF49F005701AC /* TAB4ViewController.m */,
				2236A24E194AF49F005701AC /* TAB4ViewController.xib */,
				2236A251194AF530005701AC /* Tab4Cell.h */,
				2236A252194AF530005701AC /* Tab4Cell.m */,
				2236A253194AF530005701AC /* Tab4Cell.xib */,
				2231F7B5194ECF5C002F6DB8 /* TabMiddleViewController.h */,
				2231F7B6194ECF5C002F6DB8 /* TabMiddleViewController.m */,
				2231F7B7194ECF5C002F6DB8 /* TabMiddleViewController.xib */,
				2263110A1942F4710056E133 /* XYCTabController.h */,
				2263110B1942F4710056E133 /* XYCTabController.m */,
			);
			name = Tabs;
			sourceTree = "<group>";
		};
		2263111619430FDC0056E133 /* XYCMap */ = {
			isa = PBXGroup;
			children = (
				2263111719430FE80056E133 /* Clustering */,
				2263112019430FE80056E133 /* XYCMapCustomAnnotation.h */,
				2263112119430FE80056E133 /* VPPMapHelper.h */,
				2263112219430FE80056E133 /* VPPMapHelper.m */,
				2263112319430FE80056E133 /* XYCMapHelperDelegate.h */,
				22631136194311260056E133 /* XYCMapAnnotation.h */,
				22631137194311260056E133 /* XYCMapAnnotation.m */,
			);
			name = XYCMap;
			sourceTree = "<group>";
		};
		2263111719430FE80056E133 /* Clustering */ = {
			isa = PBXGroup;
			children = (
				2263111819430FE80056E133 /* VPPMapCluster.h */,
				2263111919430FE80056E133 /* VPPMapCluster.m */,
				2263111A19430FE80056E133 /* VPPMapClusterHelper.h */,
				2263111B19430FE80056E133 /* VPPMapClusterHelper.m */,
				2263111C19430FE80056E133 /* VPPMapClusterView.h */,
				2263111D19430FE80056E133 /* VPPMapClusterView.m */,
			);
			name = Clustering;
			path = VPPMap/Clustering;
			sourceTree = "<group>";
		};
		2278F3D1194C1BA2006D1F37 /* Custom */ = {
			isa = PBXGroup;
			children = (
				22B80D921958262000142D36 /* TumblrMenu */,
				222D07F51949A93B006785FA /* UIViewExt.h */,
				222D07F61949A93B006785FA /* UIViewExt.m */,
				2278F3D2194C1BD4006D1F37 /* XYCTableviewHeader.h */,
				2278F3D3194C1BD4006D1F37 /* XYCTableviewHeader.m */,
				2231F7CC194EE470002F6DB8 /* XYCBubbleLabel.h */,
				2231F7CD194EE470002F6DB8 /* XYCBubbleLabel.m */,
				227AEE651952D2D7004FC29C /* XYCTalkInputBar.h */,
				227AEE661952D2D7004FC29C /* XYCTalkInputBar.m */,
			);
			name = Custom;
			sourceTree = "<group>";
		};
		228541D2194843DA005580BD /* Model */ = {
			isa = PBXGroup;
			children = (
				228541D319484406005580BD /* Post.h */,
				228541D419484406005580BD /* Post.m */,
				2231F7C6194EDB4F002F6DB8 /* User7D.h */,
				2231F7C7194EDB4F002F6DB8 /* User7D.m */,
				2231F7C9194EDECA002F6DB8 /* TalkMsg.h */,
				2231F7CA194EDECA002F6DB8 /* TalkMsg.m */,
				227D337A1955893400021F78 /* ImgData.h */,
				227D337B1955893400021F78 /* ImgData.m */,
				2241EF7E1957378300E217E0 /* Msg.h */,
				2241EF7F1957378300E217E0 /* Msg.m */,
				2274788A1957DBFC00FCCC58 /* MsgRecent.h */,
				2274788B1957DBFC00FCCC58 /* MsgRecent.m */,
				2241EF7A195724A100E217E0 /* ModelDefine.h */,
			);
			name = Model;
			sourceTree = "<group>";
		};
		22B80D921958262000142D36 /* TumblrMenu */ = {
			isa = PBXGroup;
			children = (
				22B80D931958263400142D36 /* CHTumblrMenuView.h */,
				22B80D941958263400142D36 /* CHTumblrMenuView.m */,
			);
			name = TumblrMenu;
			sourceTree = "<group>";
		};
		29B97314FDCFA39411CA2CEA /* CustomTemplate */ = {
			isa = PBXGroup;
			children = (
				2263111619430FDC0056E133 /* XYCMap */,
				226310991942AE670056E133 /* IntroControl */,
				2278F3D1194C1BA2006D1F37 /* Custom */,
				226310DE1942B7DA0056E133 /* Service */,
				228541D2194843DA005580BD /* Model */,
				226310FD1942F4630056E133 /* Tabs */,
				226310F41942F4490056E133 /* Controller */,
				29B97316FDCFA39411CA2CEA /* main.m */,
				226310E61942EA350056E133 /* XYCDelegate.h */,
				226310E71942EA350056E133 /* XYCDelegate.m */,
				29B97317FDCFA39411CA2CEA /* Resources */,
				29B97323FDCFA39411CA2CEA /* Frameworks */,
				19C28FACFE9D520D11CA2CBB /* Products */,
			);
			name = CustomTemplate;
			sourceTree = "<group>";
		};
		29B97317FDCFA39411CA2CEA /* Resources */ = {
			isa = PBXGroup;
			children = (
				8E3EA0EB13AB9BEE00D6C49B /* Art */,
				32CA4F630368D1EE00C91783 /* SevenDays_Prefix.pch */,
				8D1107310486CEB800E47090 /* SevenDays-Info.plist */,
				2241EF741957231200E217E0 /* Model7Days.xcdatamodeld */,
			);
			name = Resources;
			sourceTree = "<group>";
		};
		29B97323FDCFA39411CA2CEA /* Frameworks */ = {
			isa = PBXGroup;
			children = (
				2274788D1957E57E00FCCC58 /* CoreData.framework */,
				228541E6194850FD005580BD /* CoreText.framework */,
				227B0A59194312E300F61DE7 /* MapKit.framework */,
				227B0A57194312DE00F61DE7 /* CoreLocation.framework */,
				226310EC1942F2110056E133 /* QuartzCore.framework */,
				1DF5F4DF0D08C38300B7A737 /* UIKit.framework */,
				1D30AB110D05D00D00671497 /* Foundation.framework */,
				288765A40DF7441C002DB57D /* CoreGraphics.framework */,
			);
			name = Frameworks;
			sourceTree = "<group>";
		};
		8E3EA0EB13AB9BEE00D6C49B /* Art */ = {
			isa = PBXGroup;
			children = (
				22B80DA2195826F000142D36 /* modal_background@2x.png */,
				22B80D961958265B00142D36 /* post_type_bubble_chat@2x.png */,
				22B80D971958265B00142D36 /* post_type_bubble_link@2x.png */,
				22B80D981958265B00142D36 /* post_type_bubble_photo@2x.png */,
				22B80D991958265B00142D36 /* post_type_bubble_quote@2x.png */,
				22B80D9A1958265B00142D36 /* post_type_bubble_text@2x.png */,
				22B80D9B1958265B00142D36 /* post_type_bubble_video@2x.png */,
				22B80D901957FBE800142D36 /* msg_pair_request@2x.png */,
				22B80D8C1957FBA100142D36 /* msg_like@2x.png */,
				22B80D8D1957FBA100142D36 /* msg_visit@2x.png */,
				22B80D881957F9EB00142D36 /* msg_comments@2x.png */,
				22B80D891957F9EB00142D36 /* msg_good@2x.png */,
				2236A243194A9E4A005701AC /* bg_tableview_content_card@2x.png */,
				2236A245194AC059005701AC /* bg_tableview_content_head@2x.png */,
				2236A246194AC059005701AC /* bg_tableview_content_img@2x.png */,
				228541BF19480037005580BD /* btn_back_normal@2x.png */,
				226310E41942E6380056E133 /* btn_enter_app@2x.png */,
				226310AC1942B4020056E133 /* Default-568h@2x.png */,
				226310AD1942B4020056E133 /* Default-Landscape~ipad.png */,
				226310AE1942B4020056E133 /* Default-Portrait~ipad.png */,
				226310AF1942B4020056E133 /* Default.png */,
				226310B01942B4020056E133 /* Default@2x.png */,
				2264CC79195039F300F032FF /* discover_hot_post@2x.png */,
				2236F6DD194D886F00CD61C8 /* gender_male@2x.png */,
				228541C019480037005580BD /* hot_navi_bg@2x.png */,
				228541C31948056A005580BD /* hot_slide_bg@2x.png */,
				222D07FB1949AEB8006785FA /* ic_reply@2x.png */,
				222D07FA1949AEB8006785FA /* ic_support@2x.png */,
				226310B11942B4020056E133 /* icon-iPad.png */,
				226310B21942B4020056E133 /* icon.png */,
				226310B31942B4020056E133 /* icon@2x.png */,
				227478851957D53500FCCC58 /* icon_unreaded@2x.png */,
				226310B41942B4020056E133 /* intro1@2x.png */,
				226310B51942B4020056E133 /* intro2@2x.png */,
				226310B61942B4020056E133 /* intro3@2x.png */,
				2231F7AA194E999B002F6DB8 /* map_btn_add_post@2x.png */,
				22B4D922194551AE00FB211C /* map_btn_locate_nor@2x.png */,
				22B4D923194551AE00FB211C /* map_btn_locate_press@2x.png */,
				227D3375195524AE00021F78 /* map_callout_lefthead@2x.png */,
				22B4D92619455B1B00FB211C /* map_cluster_bg@2x.png */,
				2241EF72195722AA00E217E0 /* msg_at@2x.png */,
				2264CC7219502AB800F032FF /* msg_head_bg@2x.png */,
				2241EF701957225900E217E0 /* msg_system@2x.png */,
				226310B71942B4020056E133 /* mymusic.png */,
				226310B81942B4020056E133 /* mymusic@2x.png */,
				226310B91942B4020056E133 /* mymusicSelected.png */,
				226310BA1942B4020056E133 /* mymusicSelected@2x.png */,
				227B0A5B1943171F00F61DE7 /* pin_female@2x.png */,
				227B0A5C1943171F00F61DE7 /* pin_male@2x.png */,
				228415381946FA8C004390C1 /* red_line_and_shadow@2x.png */,
				226310BE1942B4020056E133 /* tab0@2x.png */,
				226310BD1942B4020056E133 /* tab0_selected@2x.png */,
				226310C01942B4020056E133 /* tab1@2x.png */,
				226310BF1942B4020056E133 /* tab1_selected@2x.png */,
				226310C21942B4020056E133 /* tab2@2x.png */,
				226310C11942B4020056E133 /* tab2_selected@2x.png */,
				226310C41942B4020056E133 /* tab3@2x.png */,
				226310C31942B4020056E133 /* tab3_selected@2x.png */,
				226310BB1942B4020056E133 /* tab_item_normal_bg.png */,
				226310BC1942B4020056E133 /* tab_unread_bg@2x.png */,
				2231F7B3194ECCB1002F6DB8 /* tab_write_post@2x.png */,
				227AEE5B195285B7004FC29C /* talk_bar_btn_keyboard@2x.png */,
				2264CC67194FEEEF00F032FF /* talk_bar_btn_more@2x.png */,
				2264CC68194FEEEF00F032FF /* talk_bar_btn_record_audio@2x.png */,
				2264CC69194FEEEF00F032FF /* talk_bar_btn_smile@2x.png */,
				2231F7CF194EE576002F6DB8 /* talk_qipao_left@2x.png */,
				2231F7D0194EE576002F6DB8 /* talk_qipao_right@2x.png */,
				2231F7C4194EDA34002F6DB8 /* talk_user_head_bg@2x.png */,
				2236A256194AF6A7005701AC /* user_center_tableview_head_bg@2x.png */,
				2236A257194AF6A7005701AC /* user_center_tableview_left_ic_like@2x.png */,
				2231F7A8194E9822002F6DB8 /* user_detail_devil@2x.png */,
				2236F6DB194D827200CD61C8 /* user_detail_head_bg@2x.png */,
				2278F3DA194C1F16006D1F37 /* user_detail_head_img_bg@2x.png */,
				2231F7B1194EB98F002F6DB8 /* write_post_smile@2x.png */,
			);
			name = Art;
			sourceTree = "<group>";
		};
/* End PBXGroup section */

/* Begin PBXNativeTarget section */
		1D6058900D05DD3D006BFB54 /* SevenDays */ = {
			isa = PBXNativeTarget;
			buildConfigurationList = 1D6058960D05DD3E006BFB54 /* Build configuration list for PBXNativeTarget "SevenDays" */;
			buildPhases = (
				1D60588D0D05DD3D006BFB54 /* Resources */,
				1D60588E0D05DD3D006BFB54 /* Sources */,
				1D60588F0D05DD3D006BFB54 /* Frameworks */,
			);
			buildRules = (
			);
			dependencies = (
			);
			name = SevenDays;
			productName = HelloWorld;
			productReference = 1D6058910D05DD3D006BFB54 /* SevenDays.app */;
			productType = "com.apple.product-type.application";
		};
/* End PBXNativeTarget section */

/* Begin PBXProject section */
		29B97313FDCFA39411CA2CEA /* Project object */ = {
			isa = PBXProject;
			attributes = {
				LastUpgradeCheck = 0510;
			};
			buildConfigurationList = C01FCF4E08A954540054247B /* Build configuration list for PBXProject "SevenDays" */;
			compatibilityVersion = "Xcode 3.2";
			developmentRegion = English;
			hasScannedForEncodings = 1;
			knownRegions = (
				English,
				Japanese,
				French,
				German,
			);
			mainGroup = 29B97314FDCFA39411CA2CEA /* CustomTemplate */;
			projectDirPath = "";
			projectRoot = "";
			targets = (
				1D6058900D05DD3D006BFB54 /* SevenDays */,
			);
		};
/* End PBXProject section */

/* Begin PBXResourcesBuildPhase section */
		1D60588D0D05DD3D006BFB54 /* Resources */ = {
			isa = PBXResourcesBuildPhase;
			buildActionMask = 2147483647;
			files = (
				226310D91942B4020056E133 /* tab1@2x.png in Resources */,
				22B80D9F1958265B00142D36 /* post_type_bubble_quote@2x.png in Resources */,
				227AEE611952BCBD004FC29C /* PostListVC.xib in Resources */,
				2284153E1946FB88004390C1 /* HotViewController.xib in Resources */,
				2264CC7A195039F300F032FF /* discover_hot_post@2x.png in Resources */,
				226310D51942B4020056E133 /* tab_unread_bg@2x.png in Resources */,
				226310C61942B4020056E133 /* Default-Landscape~ipad.png in Resources */,
				2231F7B4194ECCB1002F6DB8 /* tab_write_post@2x.png in Resources */,
				226310CE1942B4020056E133 /* intro2@2x.png in Resources */,
				2278F3DB194C1F16006D1F37 /* user_detail_head_img_bg@2x.png in Resources */,
				2264CC6C194FEEEF00F032FF /* talk_bar_btn_smile@2x.png in Resources */,
				226310C81942B4020056E133 /* Default.png in Resources */,
				226310D31942B4020056E133 /* mymusicSelected@2x.png in Resources */,
				226310D01942B4020056E133 /* mymusic.png in Resources */,
				2236F6DC194D827200CD61C8 /* user_detail_head_bg@2x.png in Resources */,
				22B80D911957FBE800142D36 /* msg_pair_request@2x.png in Resources */,
				2231F7B0194EA2CD002F6DB8 /* WritePostViewController.xib in Resources */,
				2236A255194AF530005701AC /* Tab4Cell.xib in Resources */,
				227D3376195524AE00021F78 /* map_callout_lefthead@2x.png in Resources */,
				226310DA1942B4020056E133 /* tab2_selected@2x.png in Resources */,
				227AEE5C195285B7004FC29C /* talk_bar_btn_keyboard@2x.png in Resources */,
				226310CC1942B4020056E133 /* icon@2x.png in Resources */,
				22B80DA11958265B00142D36 /* post_type_bubble_video@2x.png in Resources */,
				228541C9194836CD005580BD /* PostDetailViewController.xib in Resources */,
				2263110D1942F4710056E133 /* TAB1ViewController.xib in Resources */,
				2231F7B9194ECF5C002F6DB8 /* TabMiddleViewController.xib in Resources */,
				2231F7A7194E8BB6002F6DB8 /* SettingViewCell.xib in Resources */,
				2263110F1942F4710056E133 /* TAB2ViewController.xib in Resources */,
				22B80D9D1958265B00142D36 /* post_type_bubble_link@2x.png in Resources */,
				226310D41942B4020056E133 /* tab_item_normal_bg.png in Resources */,
				22B4D92719455B1B00FB211C /* map_cluster_bg@2x.png in Resources */,
				226310C91942B4020056E133 /* Default@2x.png in Resources */,
				2231F7A2194E8B89002F6DB8 /* SettingViewController.xib in Resources */,
				2231F7C3194ED99D002F6DB8 /* TalkViewCell.xib in Resources */,
				22B80D9E1958265B00142D36 /* post_type_bubble_photo@2x.png in Resources */,
				228415391946FA8C004390C1 /* red_line_and_shadow@2x.png in Resources */,
				2236A258194AF6A7005701AC /* user_center_tableview_head_bg@2x.png in Resources */,
				2231F7D1194EE576002F6DB8 /* talk_qipao_left@2x.png in Resources */,
				226310D81942B4020056E133 /* tab1_selected@2x.png in Resources */,
				2264CC7319502AB800F032FF /* msg_head_bg@2x.png in Resources */,
				222D07FC1949AEB8006785FA /* ic_support@2x.png in Resources */,
				2231F7B2194EB98F002F6DB8 /* write_post_smile@2x.png in Resources */,
				226310CA1942B4020056E133 /* icon-iPad.png in Resources */,
				222D07FD1949AEB8006785FA /* ic_reply@2x.png in Resources */,
				226310DC1942B4020056E133 /* tab3_selected@2x.png in Resources */,
				2264CC6B194FEEEF00F032FF /* talk_bar_btn_record_audio@2x.png in Resources */,
				228541C41948056A005580BD /* hot_slide_bg@2x.png in Resources */,
				226310CF1942B4020056E133 /* intro3@2x.png in Resources */,
				226310D71942B4020056E133 /* tab0@2x.png in Resources */,
				22B80DA3195826F000142D36 /* modal_background@2x.png in Resources */,
				226310D11942B4020056E133 /* mymusic@2x.png in Resources */,
				2264CC7119502A0600F032FF /* Tab2Cell.xib in Resources */,
				227B0A5E1943171F00F61DE7 /* pin_male@2x.png in Resources */,
				2231F7A9194E9822002F6DB8 /* user_detail_devil@2x.png in Resources */,
				226310CB1942B4020056E133 /* icon.png in Resources */,
				2236A248194AC059005701AC /* bg_tableview_content_img@2x.png in Resources */,
				226310DB1942B4020056E133 /* tab2@2x.png in Resources */,
				22B4D925194551AE00FB211C /* map_btn_locate_press@2x.png in Resources */,
				226310C51942B4020056E133 /* Default-568h@2x.png in Resources */,
				226310E51942E6380056E133 /* btn_enter_app@2x.png in Resources */,
				2231F7D2194EE576002F6DB8 /* talk_qipao_right@2x.png in Resources */,
				22B80D8E1957FBA100142D36 /* msg_like@2x.png in Resources */,
				227478861957D53500FCCC58 /* icon_unreaded@2x.png in Resources */,
				2236A259194AF6A7005701AC /* user_center_tableview_left_ic_like@2x.png in Resources */,
				226310C71942B4020056E133 /* Default-Portrait~ipad.png in Resources */,
				2236F6DE194D886F00CD61C8 /* gender_male@2x.png in Resources */,
				226310DD1942B4020056E133 /* tab3@2x.png in Resources */,
				22B80DA01958265B00142D36 /* post_type_bubble_text@2x.png in Resources */,
				22B80D8A1957F9EB00142D36 /* msg_comments@2x.png in Resources */,
				2236A250194AF49F005701AC /* TAB4ViewController.xib in Resources */,
				2231F7C5194EDA34002F6DB8 /* talk_user_head_bg@2x.png in Resources */,
				22B80D8F1957FBA100142D36 /* msg_visit@2x.png in Resources */,
				226311111942F4710056E133 /* TAB3ViewController.xib in Resources */,
				2278F3D9194C1DA7006D1F37 /* UserDetailViewController.xib in Resources */,
				2241EF73195722AA00E217E0 /* msg_at@2x.png in Resources */,
				2264CC6A194FEEEF00F032FF /* talk_bar_btn_more@2x.png in Resources */,
				226310D61942B4020056E133 /* tab0_selected@2x.png in Resources */,
				226310D21942B4020056E133 /* mymusicSelected.png in Resources */,
				2236A247194AC059005701AC /* bg_tableview_content_head@2x.png in Resources */,
				2264CC781950390400F032FF /* Tab3Cell.xib in Resources */,
				2231F7BE194ED978002F6DB8 /* TalkViewController.xib in Resources */,
				22B80D9C1958265B00142D36 /* post_type_bubble_chat@2x.png in Resources */,
				2236A244194A9E4A005701AC /* bg_tableview_content_card@2x.png in Resources */,
				227B0A5D1943171F00F61DE7 /* pin_female@2x.png in Resources */,
				2231F7AB194E999B002F6DB8 /* map_btn_add_post@2x.png in Resources */,
				22B80D8B1957F9EB00142D36 /* msg_good@2x.png in Resources */,
				228541C119480037005580BD /* btn_back_normal@2x.png in Resources */,
				2241EF711957225900E217E0 /* msg_system@2x.png in Resources */,
				22B4D924194551AE00FB211C /* map_btn_locate_nor@2x.png in Resources */,
				226310CD1942B4020056E133 /* intro1@2x.png in Resources */,
				228541C219480037005580BD /* hot_navi_bg@2x.png in Resources */,
			);
			runOnlyForDeploymentPostprocessing = 0;
		};
/* End PBXResourcesBuildPhase section */

/* Begin PBXSourcesBuildPhase section */
		1D60588E0D05DD3D006BFB54 /* Sources */ = {
			isa = PBXSourcesBuildPhase;
			buildActionMask = 2147483647;
			files = (
				226310A01942AE680056E133 /* IntroControll.m in Sources */,
				2231F7AF194EA2CD002F6DB8 /* WritePostViewController.m in Sources */,
				227AEE601952BCBD004FC29C /* PostListVC.m in Sources */,
				2241EF7D1957279400E217E0 /* DBHelper.m in Sources */,
				228541C8194836CD005580BD /* PostDetailViewController.m in Sources */,
				226310F31942F4120056E133 /* SettingHelper.m in Sources */,
				2236A254194AF530005701AC /* Tab4Cell.m in Sources */,
				2274788C1957DBFC00FCCC58 /* MsgRecent.m in Sources */,
				2231F7C8194EDB4F002F6DB8 /* User7D.m in Sources */,
				226311141942F4710056E133 /* XYCTabController.m in Sources */,
				2236F6E2194D901300CD61C8 /* UserDetailTableViewCell.m in Sources */,
				2231F7A1194E8B89002F6DB8 /* SettingViewController.m in Sources */,
				22631138194311260056E133 /* XYCMapAnnotation.m in Sources */,
				2231F7A6194E8BB6002F6DB8 /* SettingViewCell.m in Sources */,
				2278F3D4194C1BD4006D1F37 /* XYCTableviewHeader.m in Sources */,
				2231F7C2194ED99D002F6DB8 /* TalkViewCell.m in Sources */,
				2263110C1942F4710056E133 /* TAB1ViewController.m in Sources */,
				2231F7CB194EDECA002F6DB8 /* TalkMsg.m in Sources */,
				2264CC771950390400F032FF /* Tab3Cell.m in Sources */,
				226310A11942AE680056E133 /* IntroModel.m in Sources */,
				1D60589B0D05DD56006BFB54 /* main.m in Sources */,
				2236A24F194AF49F005701AC /* TAB4ViewController.m in Sources */,
				2241EF761957231200E217E0 /* Model7Days.xcdatamodeld in Sources */,
				228541CD194836EC005580BD /* PostDetailTableViewCell.m in Sources */,
				2236A24B194AD7A0005701AC /* XYCUtils.m in Sources */,
				2263112419430FE80056E133 /* VPPMapCluster.m in Sources */,
				2241EF801957378300E217E0 /* Msg.m in Sources */,
				222D07F71949A93B006785FA /* UIViewExt.m in Sources */,
				2278F3D8194C1DA7006D1F37 /* UserDetailViewController.m in Sources */,
				227AEE671952D2D7004FC29C /* XYCTalkInputBar.m in Sources */,
				2263110E1942F4710056E133 /* TAB2ViewController.m in Sources */,
				2231F7BD194ED978002F6DB8 /* TalkViewController.m in Sources */,
				2264CC7019502A0600F032FF /* Tab2Cell.m in Sources */,
				227AEE641952BD24004FC29C /* PostListCell.m in Sources */,
				226310A21942AE680056E133 /* IntroView.m in Sources */,
				2231F7CE194EE470002F6DB8 /* XYCBubbleLabel.m in Sources */,
				226310E81942EA350056E133 /* XYCDelegate.m in Sources */,
				226310FA1942F4530056E133 /* IntroViewController.m in Sources */,
				2231F7B8194ECF5C002F6DB8 /* TabMiddleViewController.m in Sources */,
				2263112819430FE80056E133 /* VPPMapHelper.m in Sources */,
				227D337919555B8B00021F78 /* Utils7Days.m in Sources */,
				226311101942F4710056E133 /* TAB3ViewController.m in Sources */,
				2284153D1946FB88004390C1 /* HotViewController.m in Sources */,
				228541D519484406005580BD /* Post.m in Sources */,
				2263112519430FE80056E133 /* VPPMapClusterHelper.m in Sources */,
				2263112619430FE80056E133 /* VPPMapClusterView.m in Sources */,
				22B80D951958263400142D36 /* CHTumblrMenuView.m in Sources */,
				227D337C1955893400021F78 /* ImgData.m in Sources */,
			);
			runOnlyForDeploymentPostprocessing = 0;
		};
/* End PBXSourcesBuildPhase section */

/* Begin XCBuildConfiguration section */
		1D6058940D05DD3E006BFB54 /* Debug */ = {
			isa = XCBuildConfiguration;
			buildSettings = {
				ALWAYS_SEARCH_USER_PATHS = NO;
				CLANG_ENABLE_OBJC_ARC = YES;
				COPY_PHASE_STRIP = NO;
				GCC_DYNAMIC_NO_PIC = NO;
				GCC_OPTIMIZATION_LEVEL = 0;
				GCC_PRECOMPILE_PREFIX_HEADER = YES;
				GCC_PREFIX_HEADER = SevenDays_Prefix.pch;
				GCC_VERSION = com.apple.compilers.llvm.clang.1_0;
				INFOPLIST_FILE = "SevenDays-Info.plist";
				IPHONEOS_DEPLOYMENT_TARGET = 5.0;
				LIBRARY_SEARCH_PATHS = "$(inherited)";
				OTHER_CFLAGS = "";
				OTHER_TEST_FLAGS = "";
				PRODUCT_NAME = SevenDays;
				SDKROOT = iphoneos;
				TARGETED_DEVICE_FAMILY = "1,2";
			};
			name = Debug;
		};
		C01FCF4F08A954540054247B /* Debug */ = {
			isa = XCBuildConfiguration;
			buildSettings = {
				"CODE_SIGN_IDENTITY[sdk=iphoneos*]" = "iPhone Developer";
				GCC_C_LANGUAGE_STANDARD = c99;
				GCC_WARN_ABOUT_RETURN_TYPE = YES;
				GCC_WARN_UNUSED_VARIABLE = YES;
				IPHONEOS_DEPLOYMENT_TARGET = 5.0;
				ONLY_ACTIVE_ARCH = YES;
				SDKROOT = iphoneos;
				TARGETED_DEVICE_FAMILY = "1,2";
			};
			name = Debug;
		};
/* End XCBuildConfiguration section */

/* Begin XCConfigurationList section */
		1D6058960D05DD3E006BFB54 /* Build configuration list for PBXNativeTarget "SevenDays" */ = {
			isa = XCConfigurationList;
			buildConfigurations = (
				1D6058940D05DD3E006BFB54 /* Debug */,
			);
			defaultConfigurationIsVisible = 0;
			defaultConfigurationName = Debug;
		};
		C01FCF4E08A954540054247B /* Build configuration list for PBXProject "SevenDays" */ = {
			isa = XCConfigurationList;
			buildConfigurations = (
				C01FCF4F08A954540054247B /* Debug */,
			);
			defaultConfigurationIsVisible = 0;
			defaultConfigurationName = Debug;
		};
/* End XCConfigurationList section */

/* Begin XCVersionGroup section */
		2241EF741957231200E217E0 /* Model7Days.xcdatamodeld */ = {
			isa = XCVersionGroup;
			children = (
				2241EF751957231200E217E0 /* Model7Days.xcdatamodel */,
			);
			currentVersion = 2241EF751957231200E217E0 /* Model7Days.xcdatamodel */;
			path = Model7Days.xcdatamodeld;
			sourceTree = "<group>";
			versionGroupType = wrapper.xcdatamodel;
		};
/* End XCVersionGroup section */
	};
	rootObject = 29B97313FDCFA39411CA2CEA /* Project object */;
}
